// !$*UTF8*$!
{
	archiveVersion = 1;
	classes = {
	};
	objectVersion = 50;
	objects = {

/* Begin PBXBuildFile section */
		5E085D67213FD41E003B0918 /* WRCustomNavigationBar.swift in Sources */ = {isa = PBXBuildFile; fileRef = 5E085D65213FD41E003B0918 /* WRCustomNavigationBar.swift */; };
		5E085D68213FD41E003B0918 /* WRNavigationBar.swift in Sources */ = {isa = PBXBuildFile; fileRef = 5E085D66213FD41E003B0918 /* WRNavigationBar.swift */; };
		5E085D6A213FD444003B0918 /* XZBaseViewController.swift in Sources */ = {isa = PBXBuildFile; fileRef = 5E085D69213FD444003B0918 /* XZBaseViewController.swift */; };
		5E085D6C213FD462003B0918 /* XZReceivablesViewController.swift in Sources */ = {isa = PBXBuildFile; fileRef = 5E085D6B213FD462003B0918 /* XZReceivablesViewController.swift */; };
		5E4157C8214B8D5E00AD8E39 /* XZChatMessageTimeCell.swift in Sources */ = {isa = PBXBuildFile; fileRef = 5E4157C7214B8D5E00AD8E39 /* XZChatMessageTimeCell.swift */; };
		5E42F30C21474B1F0034B691 /* XZEmotionButton.swift in Sources */ = {isa = PBXBuildFile; fileRef = 5E42F30B21474B1F0034B691 /* XZEmotionButton.swift */; };
		5E42F30E21474E2F0034B691 /* XZExtension.swift in Sources */ = {isa = PBXBuildFile; fileRef = 5E42F30D21474E2F0034B691 /* XZExtension.swift */; };
		5E42F311214750030034B691 /* NSString+Extension.m in Sources */ = {isa = PBXBuildFile; fileRef = 5E42F30F214750020034B691 /* NSString+Extension.m */; };
		5E42F314214756A80034B691 /* XZFaceManager.swift in Sources */ = {isa = PBXBuildFile; fileRef = 5E42F313214756A80034B691 /* XZFaceManager.swift */; };
		5E42F3162147596F0034B691 /* TinyModel.swift in Sources */ = {isa = PBXBuildFile; fileRef = 5E42F3152147596F0034B691 /* TinyModel.swift */; };
		5E42F41D21475E490034B691 /* ICFaceManager.m in Sources */ = {isa = PBXBuildFile; fileRef = 5E42F41C21475E490034B691 /* ICFaceManager.m */; };
		5E42F421214760E40034B691 /* BaseEmotion.plist in Resources */ = {isa = PBXBuildFile; fileRef = 5E42F420214760E40034B691 /* BaseEmotion.plist */; };
		5E42F425214762BE0034B691 /* info.json in Resources */ = {isa = PBXBuildFile; fileRef = 5E42F424214762BE0034B691 /* info.json */; };
		5E42F42B2147A8DB0034B691 /* XZChatMessageTextCell.swift in Sources */ = {isa = PBXBuildFile; fileRef = 5E42F42A2147A8DB0034B691 /* XZChatMessageTextCell.swift */; };
		5E42F42D2147A8F00034B691 /* XZChatMessageImageCell.swift in Sources */ = {isa = PBXBuildFile; fileRef = 5E42F42C2147A8F00034B691 /* XZChatMessageImageCell.swift */; };
		5E42F42F2147A90E0034B691 /* XZChatMessageVoiceCell.swift in Sources */ = {isa = PBXBuildFile; fileRef = 5E42F42E2147A90E0034B691 /* XZChatMessageVoiceCell.swift */; };
		5E42F4312147A9310034B691 /* XZChatMessageRedPacketCell.swift in Sources */ = {isa = PBXBuildFile; fileRef = 5E42F4302147A9310034B691 /* XZChatMessageRedPacketCell.swift */; };
		5E42F4332147A9480034B691 /* XZChatMessageSystemCell.swift in Sources */ = {isa = PBXBuildFile; fileRef = 5E42F4322147A9480034B691 /* XZChatMessageSystemCell.swift */; };
		5E42F4352147ACBD0034B691 /* XZMessageFrame.swift in Sources */ = {isa = PBXBuildFile; fileRef = 5E42F4342147ACBD0034B691 /* XZMessageFrame.swift */; };
		5E42F4372147AD460034B691 /* XZMessageModel.swift in Sources */ = {isa = PBXBuildFile; fileRef = 5E42F4362147AD460034B691 /* XZMessageModel.swift */; };
		5E42F4392147AD6C0034B691 /* XZMessage.swift in Sources */ = {isa = PBXBuildFile; fileRef = 5E42F4382147AD6C0034B691 /* XZMessage.swift */; };
		5E4B4E5A214213AA003D3D23 /* Bill.storyboard in Resources */ = {isa = PBXBuildFile; fileRef = 5E4B4E59214213AA003D3D23 /* Bill.storyboard */; };
		5E4B4E5C21421447003D3D23 /* BillShow.storyboard in Resources */ = {isa = PBXBuildFile; fileRef = 5E4B4E5B21421447003D3D23 /* BillShow.storyboard */; };
		5E4B4E5E2142216D003D3D23 /* XZPublicTools.swift in Sources */ = {isa = PBXBuildFile; fileRef = 5E4B4E5D2142216D003D3D23 /* XZPublicTools.swift */; };
		5E4B86242151D84900DF4003 /* XZChatVoiceTimeViewController.swift in Sources */ = {isa = PBXBuildFile; fileRef = 5E4B86232151D84900DF4003 /* XZChatVoiceTimeViewController.swift */; };
		5E4B86262151D8B200DF4003 /* XZSystemTimeViewController.swift in Sources */ = {isa = PBXBuildFile; fileRef = 5E4B86252151D8B200DF4003 /* XZSystemTimeViewController.swift */; };
		5E4B862821521C2B00DF4003 /* XZAddressBookModel.swift in Sources */ = {isa = PBXBuildFile; fileRef = 5E4B862721521C2B00DF4003 /* XZAddressBookModel.swift */; };
		5E4B862B21521C3300DF4003 /* XZAddressBookManager.m in Sources */ = {isa = PBXBuildFile; fileRef = 5E4B862A21521C3300DF4003 /* XZAddressBookManager.m */; };
		5E4B862D21521FD900DF4003 /* RedPacket.storyboard in Resources */ = {isa = PBXBuildFile; fileRef = 5E4B862C21521FD900DF4003 /* RedPacket.storyboard */; };
		5E4B862F2152296500DF4003 /* XZEditRedPacketViewController.swift in Sources */ = {isa = PBXBuildFile; fileRef = 5E4B862E2152296500DF4003 /* XZEditRedPacketViewController.swift */; };
		5E4B863321522A6200DF4003 /* XZEditRedPacketTableViewController.swift in Sources */ = {isa = PBXBuildFile; fileRef = 5E4B863221522A6200DF4003 /* XZEditRedPacketTableViewController.swift */; };
		5E4B86352152482E00DF4003 /* XZChatTranferViewController.swift in Sources */ = {isa = PBXBuildFile; fileRef = 5E4B86342152482E00DF4003 /* XZChatTranferViewController.swift */; };
		5E4B86382152549600DF4003 /* BaseEmotion.plist in Resources */ = {isa = PBXBuildFile; fileRef = 5E4B86362152549600DF4003 /* BaseEmotion.plist */; };
		5E4B86392152549600DF4003 /* AddressBook.plist in Resources */ = {isa = PBXBuildFile; fileRef = 5E4B86372152549600DF4003 /* AddressBook.plist */; };
		5E4C65B121532C1600478351 /* XZAddFriendViewController.swift in Sources */ = {isa = PBXBuildFile; fileRef = 5E4C65B021532C1500478351 /* XZAddFriendViewController.swift */; };
		5E4C65B5215330F500478351 /* XZAddFriendTableViewController.swift in Sources */ = {isa = PBXBuildFile; fileRef = 5E4C65B4215330F500478351 /* XZAddFriendTableViewController.swift */; };
		5E4C65B921534C2B00478351 /* XZBillModel.swift in Sources */ = {isa = PBXBuildFile; fileRef = 5E4C65B821534C2B00478351 /* XZBillModel.swift */; };
		5E4C65BB21534E4E00478351 /* XZUserModel.swift in Sources */ = {isa = PBXBuildFile; fileRef = 5E4C65BA21534E4E00478351 /* XZUserModel.swift */; };
		5E4C65BD21534EB400478351 /* XZFriendListModel.swift in Sources */ = {isa = PBXBuildFile; fileRef = 5E4C65BC21534EB400478351 /* XZFriendListModel.swift */; };
		5E4C65C121538C5900478351 /* SCLAlertView.swift in Sources */ = {isa = PBXBuildFile; fileRef = 5E4C65BF21538C5900478351 /* SCLAlertView.swift */; };
		5E4C65C221538C5900478351 /* SCLExtensions.swift in Sources */ = {isa = PBXBuildFile; fileRef = 5E4C65C021538C5900478351 /* SCLExtensions.swift */; };
		5E4FC20B214610D000E0A5A9 /* XZChatViewController.swift in Sources */ = {isa = PBXBuildFile; fileRef = 5E4FC20A214610D000E0A5A9 /* XZChatViewController.swift */; };
		5E4FC20D214610FA00E0A5A9 /* XZBoxViewController.swift in Sources */ = {isa = PBXBuildFile; fileRef = 5E4FC20C214610FA00E0A5A9 /* XZBoxViewController.swift */; };
		5E4FC213214611DB00E0A5A9 /* XZChatBoxView.swift in Sources */ = {isa = PBXBuildFile; fileRef = 5E4FC212214611DB00E0A5A9 /* XZChatBoxView.swift */; };
		5E4FC2172146122C00E0A5A9 /* XZBaseMessageCell.swift in Sources */ = {isa = PBXBuildFile; fileRef = 5E4FC2162146122C00E0A5A9 /* XZBaseMessageCell.swift */; };
		5E4FC21C2146182F00E0A5A9 /* XZChatConfig.swift in Sources */ = {isa = PBXBuildFile; fileRef = 5E4FC21B2146182F00E0A5A9 /* XZChatConfig.swift */; };
		5E4FC21E21463CF200E0A5A9 /* XZChatBoxMoreView.swift in Sources */ = {isa = PBXBuildFile; fileRef = 5E4FC21D21463CF200E0A5A9 /* XZChatBoxMoreView.swift */; };
		5E4FC22021463D0800E0A5A9 /* XZChatBoxFaceView.swift in Sources */ = {isa = PBXBuildFile; fileRef = 5E4FC21F21463D0800E0A5A9 /* XZChatBoxFaceView.swift */; };
		5E4FC2222146636D00E0A5A9 /* XZEmotionListView.swift in Sources */ = {isa = PBXBuildFile; fileRef = 5E4FC2212146636D00E0A5A9 /* XZEmotionListView.swift */; };
		5E4FC224214663F500E0A5A9 /* XZEmotion.swift in Sources */ = {isa = PBXBuildFile; fileRef = 5E4FC223214663F500E0A5A9 /* XZEmotion.swift */; };
		5E4FC226214664A900E0A5A9 /* XZEmotionPageView.swift in Sources */ = {isa = PBXBuildFile; fileRef = 5E4FC225214664A900E0A5A9 /* XZEmotionPageView.swift */; };
		5E5526162148AF16004204AF /* KILabel.m in Sources */ = {isa = PBXBuildFile; fileRef = 5E5526152148AF15004204AF /* KILabel.m */; };
		5E552618214906B4004204AF /* XZChatMessageTransferCell.swift in Sources */ = {isa = PBXBuildFile; fileRef = 5E552617214906B4004204AF /* XZChatMessageTransferCell.swift */; };
		5E55261A21490EB1004204AF /* XZMessageHelper.swift in Sources */ = {isa = PBXBuildFile; fileRef = 5E55261921490EB1004204AF /* XZMessageHelper.swift */; };
		5E58516A2143981F004A2C4B /* XZBaseModel.swift in Sources */ = {isa = PBXBuildFile; fileRef = 5E5851692143981F004A2C4B /* XZBaseModel.swift */; };
		5E58CAF12150F72500474F9F /* chat.storyboard in Resources */ = {isa = PBXBuildFile; fileRef = 5E58CAF02150F72500474F9F /* chat.storyboard */; };
		5E6938E2214CA72200B04693 /* XZChatMessageRedPacketOpenCell.swift in Sources */ = {isa = PBXBuildFile; fileRef = 5E6938E1214CA72200B04693 /* XZChatMessageRedPacketOpenCell.swift */; };
		5E6938E4214CFA3100B04693 /* XZImage.swift in Sources */ = {isa = PBXBuildFile; fileRef = 5E6938E3214CFA3100B04693 /* XZImage.swift */; };
		5E7C8DBB2154A028002620E3 /* XZDate.swift in Sources */ = {isa = PBXBuildFile; fileRef = 5E7C8DBA2154A028002620E3 /* XZDate.swift */; };
		5EAF7336214272A50027812A /* ZBaseModel.m in Sources */ = {isa = PBXBuildFile; fileRef = 5EAF7335214272A50027812A /* ZBaseModel.m */; };
		5ECE67C82140FB7600C8C5A9 /* XZReceivablesFooterView.xib in Resources */ = {isa = PBXBuildFile; fileRef = 5ECE67C62140FB7600C8C5A9 /* XZReceivablesFooterView.xib */; };
		5ECE67C92140FB7600C8C5A9 /* XZReceivablesFooterView.swift in Sources */ = {isa = PBXBuildFile; fileRef = 5ECE67C72140FB7600C8C5A9 /* XZReceivablesFooterView.swift */; };
		5ECE67CB2140FBBA00C8C5A9 /* XZReceivablesTableViewController.swift in Sources */ = {isa = PBXBuildFile; fileRef = 5ECE67CA2140FBBA00C8C5A9 /* XZReceivablesTableViewController.swift */; };
		5ECE67CE2140FC7500C8C5A9 /* XZMyAlertSheetView.swift in Sources */ = {isa = PBXBuildFile; fileRef = 5ECE67CC2140FC7400C8C5A9 /* XZMyAlertSheetView.swift */; };
		5ECE67CF2140FC7500C8C5A9 /* XZMyAlertSheetTableViewCell.swift in Sources */ = {isa = PBXBuildFile; fileRef = 5ECE67CD2140FC7500C8C5A9 /* XZMyAlertSheetTableViewCell.swift */; };
		5ECE67D1214115A500C8C5A9 /* XZBillShowViewController.swift in Sources */ = {isa = PBXBuildFile; fileRef = 5ECE67D0214115A500C8C5A9 /* XZBillShowViewController.swift */; };
		5ECE67D3214115F500C8C5A9 /* XZBillTableViewController.swift in Sources */ = {isa = PBXBuildFile; fileRef = 5ECE67D2214115F500C8C5A9 /* XZBillTableViewController.swift */; };
		5EFA73DF2155F0F8009D6E44 /* XZChatListModel.swift in Sources */ = {isa = PBXBuildFile; fileRef = 5EFA73DE2155F0F8009D6E44 /* XZChatListModel.swift */; };
		5EFA73E12155F120009D6E44 /* XZChatModel.swift in Sources */ = {isa = PBXBuildFile; fileRef = 5EFA73E02155F120009D6E44 /* XZChatModel.swift */; };
		BDCB71468CB2417485916285 /* Pods_PaySimulator.framework in Frameworks */ = {isa = PBXBuildFile; fileRef = 146A184C35B4502F43F0D60E /* Pods_PaySimulator.framework */; };
		E34617F5213B873B007C2AA6 /* XZPayMeTableViewController.swift in Sources */ = {isa = PBXBuildFile; fileRef = E34617F4213B873B007C2AA6 /* XZPayMeTableViewController.swift */; };
		E3461801213BC041007C2AA6 /* XZUserInfoTabVC.swift in Sources */ = {isa = PBXBuildFile; fileRef = E34617FF213BC041007C2AA6 /* XZUserInfoTabVC.swift */; };
		E3461805213BC655007C2AA6 /* XZPayUserInfoCell.swift in Sources */ = {isa = PBXBuildFile; fileRef = E3461803213BC655007C2AA6 /* XZPayUserInfoCell.swift */; };
		E3461806213BC655007C2AA6 /* XZPayUserInfoCell.xib in Resources */ = {isa = PBXBuildFile; fileRef = E3461804213BC655007C2AA6 /* XZPayUserInfoCell.xib */; };
		E348973A214212550062410B /* withDraw.storyboard in Resources */ = {isa = PBXBuildFile; fileRef = E3489739214212550062410B /* withDraw.storyboard */; };
		E348975121428EF70062410B /* XZWithdrawalBillTabVC.swift in Sources */ = {isa = PBXBuildFile; fileRef = E348974A21428EF60062410B /* XZWithdrawalBillTabVC.swift */; };
		E348975221428EF70062410B /* XZWithdrawalTabVC.swift in Sources */ = {isa = PBXBuildFile; fileRef = E348974B21428EF60062410B /* XZWithdrawalTabVC.swift */; };
		E348975321428EF70062410B /* XZWithdrawalVC.swift in Sources */ = {isa = PBXBuildFile; fileRef = E348974C21428EF60062410B /* XZWithdrawalVC.swift */; };
		E348975421428EF70062410B /* XZWithdrawalModel.swift in Sources */ = {isa = PBXBuildFile; fileRef = E348974E21428EF60062410B /* XZWithdrawalModel.swift */; };
		E34E1526213E5E0A00D23547 /* XZEditUserInfoVC.swift in Sources */ = {isa = PBXBuildFile; fileRef = E34E1525213E5E0A00D23547 /* XZEditUserInfoVC.swift */; };
		E34E152E213E784700D23547 /* XZBaseNavItemBtn.swift in Sources */ = {isa = PBXBuildFile; fileRef = E34E152D213E784700D23547 /* XZBaseNavItemBtn.swift */; };
		E35B5D78213CC01300E59A88 /* XZMyPhotoManage.swift in Sources */ = {isa = PBXBuildFile; fileRef = E35B5D77213CC01300E59A88 /* XZMyPhotoManage.swift */; };
		E35B5D7B213D2C5300E59A88 /* XZUserHelper.swift in Sources */ = {isa = PBXBuildFile; fileRef = E35B5D7A213D2C5300E59A88 /* XZUserHelper.swift */; };
		E36048412137986700ECF65F /* XZBaseVC.swift in Sources */ = {isa = PBXBuildFile; fileRef = E36048402137986700ECF65F /* XZBaseVC.swift */; };
		E36048432137988600ECF65F /* XZMainHomeVC.swift in Sources */ = {isa = PBXBuildFile; fileRef = E36048422137988600ECF65F /* XZMainHomeVC.swift */; };
		E360484A2137A0C700ECF65F /* XZPayMainTabBarVC.swift in Sources */ = {isa = PBXBuildFile; fileRef = E36048492137A0C700ECF65F /* XZPayMainTabBarVC.swift */; };
		E360484C2137A10A00ECF65F /* PayHome.storyboard in Resources */ = {isa = PBXBuildFile; fileRef = E360484B2137A10A00ECF65F /* PayHome.storyboard */; };
		E360484E2137A11B00ECF65F /* PayMoney.storyboard in Resources */ = {isa = PBXBuildFile; fileRef = E360484D2137A11B00ECF65F /* PayMoney.storyboard */; };
		E36048522137A16700ECF65F /* PayFriend.storyboard in Resources */ = {isa = PBXBuildFile; fileRef = E36048512137A16700ECF65F /* PayFriend.storyboard */; };
		E36048542137A19100ECF65F /* PayMe.storyboard in Resources */ = {isa = PBXBuildFile; fileRef = E36048532137A19100ECF65F /* PayMe.storyboard */; };
		E36048562137A1DB00ECF65F /* XZPayHomeVC.swift in Sources */ = {isa = PBXBuildFile; fileRef = E36048552137A1DB00ECF65F /* XZPayHomeVC.swift */; };
		E36048582137A1F000ECF65F /* XZPayMoneyVC.swift in Sources */ = {isa = PBXBuildFile; fileRef = E36048572137A1F000ECF65F /* XZPayMoneyVC.swift */; };
		E360485C2137A23400ECF65F /* XZPayFriendVC.swift in Sources */ = {isa = PBXBuildFile; fileRef = E360485B2137A23400ECF65F /* XZPayFriendVC.swift */; };
		E360485E2137A27800ECF65F /* XZPayPraiseVC.swift in Sources */ = {isa = PBXBuildFile; fileRef = E360485D2137A27800ECF65F /* XZPayPraiseVC.swift */; };
		E36048602137A29200ECF65F /* PayPraise.storyboard in Resources */ = {isa = PBXBuildFile; fileRef = E360485F2137A29200ECF65F /* PayPraise.storyboard */; };
		E36048622137A2B100ECF65F /* XZPayMeVC.swift in Sources */ = {isa = PBXBuildFile; fileRef = E36048612137A2B100ECF65F /* XZPayMeVC.swift */; };
		E36048642137A32E00ECF65F /* XZBaseNavigationVC.swift in Sources */ = {isa = PBXBuildFile; fileRef = E36048632137A32E00ECF65F /* XZBaseNavigationVC.swift */; };
		E36490882140D2F8005F234B /* XZBalanceTabVC.swift in Sources */ = {isa = PBXBuildFile; fileRef = E36490872140D2F8005F234B /* XZBalanceTabVC.swift */; };
		E364908A2140D8D3005F234B /* XZBalanceVC.swift in Sources */ = {isa = PBXBuildFile; fileRef = E36490892140D8D3005F234B /* XZBalanceVC.swift */; };
		E364909A21413200005F234B /* XZTopUpFinishVC.swift in Sources */ = {isa = PBXBuildFile; fileRef = E3649098214131FF005F234B /* XZTopUpFinishVC.swift */; };
		E364909B21413200005F234B /* XZTopUpVC.swift in Sources */ = {isa = PBXBuildFile; fileRef = E3649099214131FF005F234B /* XZTopUpVC.swift */; };
		E38F8AB62153514A00B0F506 /* XZSeeRedPacketCell.xib in Resources */ = {isa = PBXBuildFile; fileRef = E38F8AB42153514A00B0F506 /* XZSeeRedPacketCell.xib */; };
		E38F8AB821536F5F00B0F506 /* XZSeeRedPacketTabVC.swift in Sources */ = {isa = PBXBuildFile; fileRef = E38F8AB721536F5F00B0F506 /* XZSeeRedPacketTabVC.swift */; };
		E38F8ABA215379DA00B0F506 /* XZSeeRedPacketCell.swift in Sources */ = {isa = PBXBuildFile; fileRef = E38F8AB9215379DA00B0F506 /* XZSeeRedPacketCell.swift */; };
		E3A9AADF213F663A00FAEEAF /* XZMyPickerView.swift in Sources */ = {isa = PBXBuildFile; fileRef = E3A9AADE213F663A00FAEEAF /* XZMyPickerView.swift */; };
		E3A9AAE2213FA7F700FAEEAF /* XZPayMeNavView.swift in Sources */ = {isa = PBXBuildFile; fileRef = E3A9AAE0213FA7F700FAEEAF /* XZPayMeNavView.swift */; };
		E3A9AAE3213FA7F700FAEEAF /* XZPayMeNavView.xib in Resources */ = {isa = PBXBuildFile; fileRef = E3A9AAE1213FA7F700FAEEAF /* XZPayMeNavView.xib */; };
		E3BC6D0F2144EE4D000FDB12 /* XZPayFriendCellTableViewCell.swift in Sources */ = {isa = PBXBuildFile; fileRef = E3BC6D0E2144EE4D000FDB12 /* XZPayFriendCellTableViewCell.swift */; };
		E3BC6D1321450425000FDB12 /* XZAddressBookVC.swift in Sources */ = {isa = PBXBuildFile; fileRef = E3BC6D1221450425000FDB12 /* XZAddressBookVC.swift */; };
		E3BC6D1721450830000FDB12 /* XZAddressSecondCell.swift in Sources */ = {isa = PBXBuildFile; fileRef = E3BC6D1621450830000FDB12 /* XZAddressSecondCell.swift */; };
		E3BC6D1921450850000FDB12 /* XZAddressFirstCell.swift in Sources */ = {isa = PBXBuildFile; fileRef = E3BC6D1821450850000FDB12 /* XZAddressFirstCell.swift */; };
		E3D98EF6213638C400887FAF /* PaySimulatorTests.swift in Sources */ = {isa = PBXBuildFile; fileRef = E3D98EF5213638C400887FAF /* PaySimulatorTests.swift */; };
		E3D98F01213638C400887FAF /* PaySimulatorUITests.swift in Sources */ = {isa = PBXBuildFile; fileRef = E3D98F00213638C400887FAF /* PaySimulatorUITests.swift */; };
		E3D98F4121363F6100887FAF /* ViewController.swift in Sources */ = {isa = PBXBuildFile; fileRef = E3D98F3821363F6100887FAF /* ViewController.swift */; };
		E3D98F4421363F6100887FAF /* Info.plist in Resources */ = {isa = PBXBuildFile; fileRef = E3D98F3E21363F6100887FAF /* Info.plist */; };
		E3D98F4521363F6100887FAF /* AppDelegate.swift in Sources */ = {isa = PBXBuildFile; fileRef = E3D98F3F21363F6100887FAF /* AppDelegate.swift */; };
		E3D98F4621363F6100887FAF /* Assets.xcassets in Resources */ = {isa = PBXBuildFile; fileRef = E3D98F4021363F6100887FAF /* Assets.xcassets */; };
		E3D98F4921363FE900887FAF /* LaunchScreen.storyboard in Resources */ = {isa = PBXBuildFile; fileRef = E3D98F4721363FE900887FAF /* LaunchScreen.storyboard */; };
		E3D98F4A21363FE900887FAF /* Main.storyboard in Resources */ = {isa = PBXBuildFile; fileRef = E3D98F4821363FE900887FAF /* Main.storyboard */; };
		E3D98F4E2136414A00887FAF /* XZMainButton.swift in Sources */ = {isa = PBXBuildFile; fileRef = E3D98F4D2136414A00887FAF /* XZMainButton.swift */; };
		E3D98F512136426200887FAF /* UIView+KRExtension.m in Sources */ = {isa = PBXBuildFile; fileRef = E3D98F4F2136426200887FAF /* UIView+KRExtension.m */; };
		E3D98F53213669E100887FAF /* XZCommon.swift in Sources */ = {isa = PBXBuildFile; fileRef = E3D98F52213669E100887FAF /* XZCommon.swift */; };
/* End PBXBuildFile section */

/* Begin PBXContainerItemProxy section */
		E3D98EF2213638C400887FAF /* PBXContainerItemProxy */ = {
			isa = PBXContainerItemProxy;
			containerPortal = E3D98ED5213638C300887FAF /* Project object */;
			proxyType = 1;
			remoteGlobalIDString = E3D98EDC213638C300887FAF;
			remoteInfo = PaySimulator;
		};
		E3D98EFD213638C400887FAF /* PBXContainerItemProxy */ = {
			isa = PBXContainerItemProxy;
			containerPortal = E3D98ED5213638C300887FAF /* Project object */;
			proxyType = 1;
			remoteGlobalIDString = E3D98EDC213638C300887FAF;
			remoteInfo = PaySimulator;
		};
/* End PBXContainerItemProxy section */

/* Begin PBXFileReference section */
		1148BAE4CDE60ADD2009EBA1 /* Pods-PaySimulator.release.xcconfig */ = {isa = PBXFileReference; includeInIndex = 1; lastKnownFileType = text.xcconfig; name = "Pods-PaySimulator.release.xcconfig"; path = "Pods/Target Support Files/Pods-PaySimulator/Pods-PaySimulator.release.xcconfig"; sourceTree = "<group>"; };
		146A184C35B4502F43F0D60E /* Pods_PaySimulator.framework */ = {isa = PBXFileReference; explicitFileType = wrapper.framework; includeInIndex = 0; path = Pods_PaySimulator.framework; sourceTree = BUILT_PRODUCTS_DIR; };
		5E085D65213FD41E003B0918 /* WRCustomNavigationBar.swift */ = {isa = PBXFileReference; fileEncoding = 4; lastKnownFileType = sourcecode.swift; path = WRCustomNavigationBar.swift; sourceTree = "<group>"; };
		5E085D66213FD41E003B0918 /* WRNavigationBar.swift */ = {isa = PBXFileReference; fileEncoding = 4; lastKnownFileType = sourcecode.swift; path = WRNavigationBar.swift; sourceTree = "<group>"; };
		5E085D69213FD444003B0918 /* XZBaseViewController.swift */ = {isa = PBXFileReference; fileEncoding = 4; lastKnownFileType = sourcecode.swift; path = XZBaseViewController.swift; sourceTree = "<group>"; };
		5E085D6B213FD462003B0918 /* XZReceivablesViewController.swift */ = {isa = PBXFileReference; fileEncoding = 4; lastKnownFileType = sourcecode.swift; path = XZReceivablesViewController.swift; sourceTree = "<group>"; };
		5E4157C7214B8D5E00AD8E39 /* XZChatMessageTimeCell.swift */ = {isa = PBXFileReference; lastKnownFileType = sourcecode.swift; path = XZChatMessageTimeCell.swift; sourceTree = "<group>"; };
		5E42F30B21474B1F0034B691 /* XZEmotionButton.swift */ = {isa = PBXFileReference; lastKnownFileType = sourcecode.swift; path = XZEmotionButton.swift; sourceTree = "<group>"; };
		5E42F30D21474E2F0034B691 /* XZExtension.swift */ = {isa = PBXFileReference; lastKnownFileType = sourcecode.swift; path = XZExtension.swift; sourceTree = "<group>"; };
		5E42F30F214750020034B691 /* NSString+Extension.m */ = {isa = PBXFileReference; fileEncoding = 4; lastKnownFileType = sourcecode.c.objc; path = "NSString+Extension.m"; sourceTree = "<group>"; };
		5E42F310214750030034B691 /* NSString+Extension.h */ = {isa = PBXFileReference; fileEncoding = 4; lastKnownFileType = sourcecode.c.h; path = "NSString+Extension.h"; sourceTree = "<group>"; };
		5E42F313214756A80034B691 /* XZFaceManager.swift */ = {isa = PBXFileReference; lastKnownFileType = sourcecode.swift; path = XZFaceManager.swift; sourceTree = "<group>"; };
		5E42F3152147596F0034B691 /* TinyModel.swift */ = {isa = PBXFileReference; fileEncoding = 4; lastKnownFileType = sourcecode.swift; path = TinyModel.swift; sourceTree = "<group>"; };
		5E42F41B21475E490034B691 /* ICFaceManager.h */ = {isa = PBXFileReference; fileEncoding = 4; lastKnownFileType = sourcecode.c.h; path = ICFaceManager.h; sourceTree = "<group>"; };
		5E42F41C21475E490034B691 /* ICFaceManager.m */ = {isa = PBXFileReference; fileEncoding = 4; lastKnownFileType = sourcecode.c.objc; path = ICFaceManager.m; sourceTree = "<group>"; };
		5E42F420214760E40034B691 /* BaseEmotion.plist */ = {isa = PBXFileReference; fileEncoding = 4; lastKnownFileType = text.plist.xml; path = BaseEmotion.plist; sourceTree = "<group>"; };
		5E42F424214762BE0034B691 /* info.json */ = {isa = PBXFileReference; fileEncoding = 4; lastKnownFileType = text.json; path = info.json; sourceTree = "<group>"; };
		5E42F42A2147A8DB0034B691 /* XZChatMessageTextCell.swift */ = {isa = PBXFileReference; lastKnownFileType = sourcecode.swift; path = XZChatMessageTextCell.swift; sourceTree = "<group>"; };
		5E42F42C2147A8F00034B691 /* XZChatMessageImageCell.swift */ = {isa = PBXFileReference; lastKnownFileType = sourcecode.swift; path = XZChatMessageImageCell.swift; sourceTree = "<group>"; };
		5E42F42E2147A90E0034B691 /* XZChatMessageVoiceCell.swift */ = {isa = PBXFileReference; lastKnownFileType = sourcecode.swift; path = XZChatMessageVoiceCell.swift; sourceTree = "<group>"; };
		5E42F4302147A9310034B691 /* XZChatMessageRedPacketCell.swift */ = {isa = PBXFileReference; lastKnownFileType = sourcecode.swift; path = XZChatMessageRedPacketCell.swift; sourceTree = "<group>"; };
		5E42F4322147A9480034B691 /* XZChatMessageSystemCell.swift */ = {isa = PBXFileReference; lastKnownFileType = sourcecode.swift; path = XZChatMessageSystemCell.swift; sourceTree = "<group>"; };
		5E42F4342147ACBD0034B691 /* XZMessageFrame.swift */ = {isa = PBXFileReference; lastKnownFileType = sourcecode.swift; path = XZMessageFrame.swift; sourceTree = "<group>"; };
		5E42F4362147AD460034B691 /* XZMessageModel.swift */ = {isa = PBXFileReference; lastKnownFileType = sourcecode.swift; path = XZMessageModel.swift; sourceTree = "<group>"; };
		5E42F4382147AD6C0034B691 /* XZMessage.swift */ = {isa = PBXFileReference; lastKnownFileType = sourcecode.swift; path = XZMessage.swift; sourceTree = "<group>"; };
		5E4B4E59214213AA003D3D23 /* Bill.storyboard */ = {isa = PBXFileReference; fileEncoding = 4; lastKnownFileType = file.storyboard; path = Bill.storyboard; sourceTree = "<group>"; };
		5E4B4E5B21421447003D3D23 /* BillShow.storyboard */ = {isa = PBXFileReference; fileEncoding = 4; lastKnownFileType = file.storyboard; path = BillShow.storyboard; sourceTree = "<group>"; };
		5E4B4E5D2142216D003D3D23 /* XZPublicTools.swift */ = {isa = PBXFileReference; lastKnownFileType = sourcecode.swift; path = XZPublicTools.swift; sourceTree = "<group>"; };
		5E4B4E762142675E003D3D23 /* libsqlite3.0.tbd */ = {isa = PBXFileReference; lastKnownFileType = "sourcecode.text-based-dylib-definition"; name = libsqlite3.0.tbd; path = usr/lib/libsqlite3.0.tbd; sourceTree = SDKROOT; };
		5E4B4E782142676C003D3D23 /* libsqlite3.tbd */ = {isa = PBXFileReference; lastKnownFileType = "sourcecode.text-based-dylib-definition"; name = libsqlite3.tbd; path = usr/lib/libsqlite3.tbd; sourceTree = SDKROOT; };
		5E4B86232151D84900DF4003 /* XZChatVoiceTimeViewController.swift */ = {isa = PBXFileReference; lastKnownFileType = sourcecode.swift; path = XZChatVoiceTimeViewController.swift; sourceTree = "<group>"; };
		5E4B86252151D8B200DF4003 /* XZSystemTimeViewController.swift */ = {isa = PBXFileReference; lastKnownFileType = sourcecode.swift; path = XZSystemTimeViewController.swift; sourceTree = "<group>"; };
		5E4B862721521C2B00DF4003 /* XZAddressBookModel.swift */ = {isa = PBXFileReference; fileEncoding = 4; lastKnownFileType = sourcecode.swift; path = XZAddressBookModel.swift; sourceTree = "<group>"; };
		5E4B862921521C3300DF4003 /* XZAddressBookManager.h */ = {isa = PBXFileReference; fileEncoding = 4; lastKnownFileType = sourcecode.c.h; path = XZAddressBookManager.h; sourceTree = "<group>"; };
		5E4B862A21521C3300DF4003 /* XZAddressBookManager.m */ = {isa = PBXFileReference; fileEncoding = 4; lastKnownFileType = sourcecode.c.objc; path = XZAddressBookManager.m; sourceTree = "<group>"; };
		5E4B862C21521FD900DF4003 /* RedPacket.storyboard */ = {isa = PBXFileReference; fileEncoding = 4; lastKnownFileType = file.storyboard; path = RedPacket.storyboard; sourceTree = "<group>"; };
		5E4B862E2152296500DF4003 /* XZEditRedPacketViewController.swift */ = {isa = PBXFileReference; lastKnownFileType = sourcecode.swift; path = XZEditRedPacketViewController.swift; sourceTree = "<group>"; };
		5E4B863221522A6200DF4003 /* XZEditRedPacketTableViewController.swift */ = {isa = PBXFileReference; lastKnownFileType = sourcecode.swift; path = XZEditRedPacketTableViewController.swift; sourceTree = "<group>"; };
		5E4B86342152482E00DF4003 /* XZChatTranferViewController.swift */ = {isa = PBXFileReference; lastKnownFileType = sourcecode.swift; path = XZChatTranferViewController.swift; sourceTree = "<group>"; };
		5E4B86362152549600DF4003 /* BaseEmotion.plist */ = {isa = PBXFileReference; fileEncoding = 4; lastKnownFileType = text.plist.xml; path = BaseEmotion.plist; sourceTree = "<group>"; };
		5E4B86372152549600DF4003 /* AddressBook.plist */ = {isa = PBXFileReference; fileEncoding = 4; lastKnownFileType = text.plist.xml; path = AddressBook.plist; sourceTree = "<group>"; };
		5E4C65B021532C1500478351 /* XZAddFriendViewController.swift */ = {isa = PBXFileReference; lastKnownFileType = sourcecode.swift; path = XZAddFriendViewController.swift; sourceTree = "<group>"; };
		5E4C65B4215330F500478351 /* XZAddFriendTableViewController.swift */ = {isa = PBXFileReference; lastKnownFileType = sourcecode.swift; path = XZAddFriendTableViewController.swift; sourceTree = "<group>"; };
		5E4C65B821534C2B00478351 /* XZBillModel.swift */ = {isa = PBXFileReference; fileEncoding = 4; lastKnownFileType = sourcecode.swift; path = XZBillModel.swift; sourceTree = "<group>"; };
		5E4C65BA21534E4E00478351 /* XZUserModel.swift */ = {isa = PBXFileReference; lastKnownFileType = sourcecode.swift; path = XZUserModel.swift; sourceTree = "<group>"; };
		5E4C65BC21534EB400478351 /* XZFriendListModel.swift */ = {isa = PBXFileReference; lastKnownFileType = sourcecode.swift; path = XZFriendListModel.swift; sourceTree = "<group>"; };
		5E4C65BF21538C5900478351 /* SCLAlertView.swift */ = {isa = PBXFileReference; fileEncoding = 4; lastKnownFileType = sourcecode.swift; path = SCLAlertView.swift; sourceTree = "<group>"; };
		5E4C65C021538C5900478351 /* SCLExtensions.swift */ = {isa = PBXFileReference; fileEncoding = 4; lastKnownFileType = sourcecode.swift; path = SCLExtensions.swift; sourceTree = "<group>"; };
		5E4FC20A214610D000E0A5A9 /* XZChatViewController.swift */ = {isa = PBXFileReference; lastKnownFileType = sourcecode.swift; path = XZChatViewController.swift; sourceTree = "<group>"; };
		5E4FC20C214610FA00E0A5A9 /* XZBoxViewController.swift */ = {isa = PBXFileReference; lastKnownFileType = sourcecode.swift; path = XZBoxViewController.swift; sourceTree = "<group>"; };
		5E4FC212214611DB00E0A5A9 /* XZChatBoxView.swift */ = {isa = PBXFileReference; lastKnownFileType = sourcecode.swift; path = XZChatBoxView.swift; sourceTree = "<group>"; };
		5E4FC2162146122C00E0A5A9 /* XZBaseMessageCell.swift */ = {isa = PBXFileReference; lastKnownFileType = sourcecode.swift; path = XZBaseMessageCell.swift; sourceTree = "<group>"; };
		5E4FC21B2146182F00E0A5A9 /* XZChatConfig.swift */ = {isa = PBXFileReference; lastKnownFileType = sourcecode.swift; path = XZChatConfig.swift; sourceTree = "<group>"; };
		5E4FC21D21463CF200E0A5A9 /* XZChatBoxMoreView.swift */ = {isa = PBXFileReference; lastKnownFileType = sourcecode.swift; path = XZChatBoxMoreView.swift; sourceTree = "<group>"; };
		5E4FC21F21463D0800E0A5A9 /* XZChatBoxFaceView.swift */ = {isa = PBXFileReference; lastKnownFileType = sourcecode.swift; path = XZChatBoxFaceView.swift; sourceTree = "<group>"; };
		5E4FC2212146636D00E0A5A9 /* XZEmotionListView.swift */ = {isa = PBXFileReference; lastKnownFileType = sourcecode.swift; path = XZEmotionListView.swift; sourceTree = "<group>"; };
		5E4FC223214663F500E0A5A9 /* XZEmotion.swift */ = {isa = PBXFileReference; lastKnownFileType = sourcecode.swift; path = XZEmotion.swift; sourceTree = "<group>"; };
		5E4FC225214664A900E0A5A9 /* XZEmotionPageView.swift */ = {isa = PBXFileReference; lastKnownFileType = sourcecode.swift; path = XZEmotionPageView.swift; sourceTree = "<group>"; };
		5E5526142148AF15004204AF /* KILabel.h */ = {isa = PBXFileReference; fileEncoding = 4; lastKnownFileType = sourcecode.c.h; path = KILabel.h; sourceTree = "<group>"; };
		5E5526152148AF15004204AF /* KILabel.m */ = {isa = PBXFileReference; fileEncoding = 4; lastKnownFileType = sourcecode.c.objc; path = KILabel.m; sourceTree = "<group>"; };
		5E552617214906B4004204AF /* XZChatMessageTransferCell.swift */ = {isa = PBXFileReference; lastKnownFileType = sourcecode.swift; path = XZChatMessageTransferCell.swift; sourceTree = "<group>"; };
		5E55261921490EB1004204AF /* XZMessageHelper.swift */ = {isa = PBXFileReference; lastKnownFileType = sourcecode.swift; path = XZMessageHelper.swift; sourceTree = "<group>"; };
		5E5851692143981F004A2C4B /* XZBaseModel.swift */ = {isa = PBXFileReference; lastKnownFileType = sourcecode.swift; path = XZBaseModel.swift; sourceTree = "<group>"; };
		5E58CAF02150F72500474F9F /* chat.storyboard */ = {isa = PBXFileReference; lastKnownFileType = file.storyboard; path = chat.storyboard; sourceTree = "<group>"; };
		5E6938E1214CA72200B04693 /* XZChatMessageRedPacketOpenCell.swift */ = {isa = PBXFileReference; lastKnownFileType = sourcecode.swift; path = XZChatMessageRedPacketOpenCell.swift; sourceTree = "<group>"; };
		5E6938E3214CFA3100B04693 /* XZImage.swift */ = {isa = PBXFileReference; lastKnownFileType = sourcecode.swift; path = XZImage.swift; sourceTree = "<group>"; };
		5E7C8DBA2154A028002620E3 /* XZDate.swift */ = {isa = PBXFileReference; lastKnownFileType = sourcecode.swift; path = XZDate.swift; sourceTree = "<group>"; };
		5E7C8DBC2154DB06002620E3 /* FDTake.framework */ = {isa = PBXFileReference; explicitFileType = wrapper.framework; path = FDTake.framework; sourceTree = BUILT_PRODUCTS_DIR; };
		5EAF7334214272A50027812A /* ZBaseModel.h */ = {isa = PBXFileReference; lastKnownFileType = sourcecode.c.h; name = ZBaseModel.h; path = PaySimulator/Classes/Tools/ZBaseModel.h; sourceTree = SOURCE_ROOT; };
		5EAF7335214272A50027812A /* ZBaseModel.m */ = {isa = PBXFileReference; lastKnownFileType = sourcecode.c.objc; name = ZBaseModel.m; path = PaySimulator/Classes/Tools/ZBaseModel.m; sourceTree = SOURCE_ROOT; };
		5ECE67C62140FB7600C8C5A9 /* XZReceivablesFooterView.xib */ = {isa = PBXFileReference; fileEncoding = 4; lastKnownFileType = file.xib; path = XZReceivablesFooterView.xib; sourceTree = "<group>"; };
		5ECE67C72140FB7600C8C5A9 /* XZReceivablesFooterView.swift */ = {isa = PBXFileReference; fileEncoding = 4; lastKnownFileType = sourcecode.swift; path = XZReceivablesFooterView.swift; sourceTree = "<group>"; };
		5ECE67CA2140FBBA00C8C5A9 /* XZReceivablesTableViewController.swift */ = {isa = PBXFileReference; fileEncoding = 4; lastKnownFileType = sourcecode.swift; path = XZReceivablesTableViewController.swift; sourceTree = "<group>"; };
		5ECE67CC2140FC7400C8C5A9 /* XZMyAlertSheetView.swift */ = {isa = PBXFileReference; fileEncoding = 4; lastKnownFileType = sourcecode.swift; path = XZMyAlertSheetView.swift; sourceTree = "<group>"; };
		5ECE67CD2140FC7500C8C5A9 /* XZMyAlertSheetTableViewCell.swift */ = {isa = PBXFileReference; fileEncoding = 4; lastKnownFileType = sourcecode.swift; path = XZMyAlertSheetTableViewCell.swift; sourceTree = "<group>"; };
		5ECE67D0214115A500C8C5A9 /* XZBillShowViewController.swift */ = {isa = PBXFileReference; lastKnownFileType = sourcecode.swift; path = XZBillShowViewController.swift; sourceTree = "<group>"; };
		5ECE67D2214115F500C8C5A9 /* XZBillTableViewController.swift */ = {isa = PBXFileReference; lastKnownFileType = sourcecode.swift; path = XZBillTableViewController.swift; sourceTree = "<group>"; };
		5EFA73DE2155F0F8009D6E44 /* XZChatListModel.swift */ = {isa = PBXFileReference; lastKnownFileType = sourcecode.swift; path = XZChatListModel.swift; sourceTree = "<group>"; };
		5EFA73E02155F120009D6E44 /* XZChatModel.swift */ = {isa = PBXFileReference; lastKnownFileType = sourcecode.swift; path = XZChatModel.swift; sourceTree = "<group>"; };
		D3B52F6AFEBEE68D5BA4672D /* Pods-PaySimulator.debug.xcconfig */ = {isa = PBXFileReference; includeInIndex = 1; lastKnownFileType = text.xcconfig; name = "Pods-PaySimulator.debug.xcconfig"; path = "Pods/Target Support Files/Pods-PaySimulator/Pods-PaySimulator.debug.xcconfig"; sourceTree = "<group>"; };
		E34617F4213B873B007C2AA6 /* XZPayMeTableViewController.swift */ = {isa = PBXFileReference; lastKnownFileType = sourcecode.swift; path = XZPayMeTableViewController.swift; sourceTree = "<group>"; };
		E34617FF213BC041007C2AA6 /* XZUserInfoTabVC.swift */ = {isa = PBXFileReference; lastKnownFileType = sourcecode.swift; path = XZUserInfoTabVC.swift; sourceTree = "<group>"; };
		E3461803213BC655007C2AA6 /* XZPayUserInfoCell.swift */ = {isa = PBXFileReference; lastKnownFileType = sourcecode.swift; path = XZPayUserInfoCell.swift; sourceTree = "<group>"; };
		E3461804213BC655007C2AA6 /* XZPayUserInfoCell.xib */ = {isa = PBXFileReference; lastKnownFileType = file.xib; path = XZPayUserInfoCell.xib; sourceTree = "<group>"; };
		E3489739214212550062410B /* withDraw.storyboard */ = {isa = PBXFileReference; fileEncoding = 4; lastKnownFileType = file.storyboard; path = withDraw.storyboard; sourceTree = "<group>"; };
		E348974A21428EF60062410B /* XZWithdrawalBillTabVC.swift */ = {isa = PBXFileReference; fileEncoding = 4; lastKnownFileType = sourcecode.swift; path = XZWithdrawalBillTabVC.swift; sourceTree = "<group>"; };
		E348974B21428EF60062410B /* XZWithdrawalTabVC.swift */ = {isa = PBXFileReference; fileEncoding = 4; lastKnownFileType = sourcecode.swift; path = XZWithdrawalTabVC.swift; sourceTree = "<group>"; };
		E348974C21428EF60062410B /* XZWithdrawalVC.swift */ = {isa = PBXFileReference; fileEncoding = 4; lastKnownFileType = sourcecode.swift; path = XZWithdrawalVC.swift; sourceTree = "<group>"; };
		E348974E21428EF60062410B /* XZWithdrawalModel.swift */ = {isa = PBXFileReference; fileEncoding = 4; lastKnownFileType = sourcecode.swift; path = XZWithdrawalModel.swift; sourceTree = "<group>"; };
		E34E1525213E5E0A00D23547 /* XZEditUserInfoVC.swift */ = {isa = PBXFileReference; lastKnownFileType = sourcecode.swift; path = XZEditUserInfoVC.swift; sourceTree = "<group>"; };
		E34E152D213E784700D23547 /* XZBaseNavItemBtn.swift */ = {isa = PBXFileReference; lastKnownFileType = sourcecode.swift; path = XZBaseNavItemBtn.swift; sourceTree = "<group>"; };
		E35B5D77213CC01300E59A88 /* XZMyPhotoManage.swift */ = {isa = PBXFileReference; lastKnownFileType = sourcecode.swift; path = XZMyPhotoManage.swift; sourceTree = "<group>"; };
		E35B5D7A213D2C5300E59A88 /* XZUserHelper.swift */ = {isa = PBXFileReference; lastKnownFileType = sourcecode.swift; path = XZUserHelper.swift; sourceTree = "<group>"; };
		E36048402137986700ECF65F /* XZBaseVC.swift */ = {isa = PBXFileReference; lastKnownFileType = sourcecode.swift; path = XZBaseVC.swift; sourceTree = "<group>"; };
		E36048422137988600ECF65F /* XZMainHomeVC.swift */ = {isa = PBXFileReference; lastKnownFileType = sourcecode.swift; path = XZMainHomeVC.swift; sourceTree = "<group>"; };
		E36048492137A0C700ECF65F /* XZPayMainTabBarVC.swift */ = {isa = PBXFileReference; lastKnownFileType = sourcecode.swift; path = XZPayMainTabBarVC.swift; sourceTree = "<group>"; };
		E360484B2137A10A00ECF65F /* PayHome.storyboard */ = {isa = PBXFileReference; lastKnownFileType = file.storyboard; path = PayHome.storyboard; sourceTree = "<group>"; };
		E360484D2137A11B00ECF65F /* PayMoney.storyboard */ = {isa = PBXFileReference; lastKnownFileType = file.storyboard; path = PayMoney.storyboard; sourceTree = "<group>"; };
		E36048512137A16700ECF65F /* PayFriend.storyboard */ = {isa = PBXFileReference; lastKnownFileType = file.storyboard; path = PayFriend.storyboard; sourceTree = "<group>"; };
		E36048532137A19100ECF65F /* PayMe.storyboard */ = {isa = PBXFileReference; lastKnownFileType = file.storyboard; path = PayMe.storyboard; sourceTree = "<group>"; };
		E36048552137A1DB00ECF65F /* XZPayHomeVC.swift */ = {isa = PBXFileReference; lastKnownFileType = sourcecode.swift; path = XZPayHomeVC.swift; sourceTree = "<group>"; };
		E36048572137A1F000ECF65F /* XZPayMoneyVC.swift */ = {isa = PBXFileReference; lastKnownFileType = sourcecode.swift; path = XZPayMoneyVC.swift; sourceTree = "<group>"; };
		E360485B2137A23400ECF65F /* XZPayFriendVC.swift */ = {isa = PBXFileReference; fileEncoding = 4; lastKnownFileType = sourcecode.swift; path = XZPayFriendVC.swift; sourceTree = "<group>"; };
		E360485D2137A27800ECF65F /* XZPayPraiseVC.swift */ = {isa = PBXFileReference; lastKnownFileType = sourcecode.swift; path = XZPayPraiseVC.swift; sourceTree = "<group>"; };
		E360485F2137A29200ECF65F /* PayPraise.storyboard */ = {isa = PBXFileReference; lastKnownFileType = file.storyboard; path = PayPraise.storyboard; sourceTree = "<group>"; };
		E36048612137A2B100ECF65F /* XZPayMeVC.swift */ = {isa = PBXFileReference; lastKnownFileType = sourcecode.swift; path = XZPayMeVC.swift; sourceTree = "<group>"; };
		E36048632137A32E00ECF65F /* XZBaseNavigationVC.swift */ = {isa = PBXFileReference; lastKnownFileType = sourcecode.swift; path = XZBaseNavigationVC.swift; sourceTree = "<group>"; };
		E36490872140D2F8005F234B /* XZBalanceTabVC.swift */ = {isa = PBXFileReference; lastKnownFileType = sourcecode.swift; path = XZBalanceTabVC.swift; sourceTree = "<group>"; };
		E36490892140D8D3005F234B /* XZBalanceVC.swift */ = {isa = PBXFileReference; lastKnownFileType = sourcecode.swift; path = XZBalanceVC.swift; sourceTree = "<group>"; };
		E3649098214131FF005F234B /* XZTopUpFinishVC.swift */ = {isa = PBXFileReference; fileEncoding = 4; lastKnownFileType = sourcecode.swift; path = XZTopUpFinishVC.swift; sourceTree = "<group>"; };
		E3649099214131FF005F234B /* XZTopUpVC.swift */ = {isa = PBXFileReference; fileEncoding = 4; lastKnownFileType = sourcecode.swift; path = XZTopUpVC.swift; sourceTree = "<group>"; };
		E38F8AB42153514A00B0F506 /* XZSeeRedPacketCell.xib */ = {isa = PBXFileReference; lastKnownFileType = file.xib; path = XZSeeRedPacketCell.xib; sourceTree = "<group>"; };
		E38F8AB721536F5F00B0F506 /* XZSeeRedPacketTabVC.swift */ = {isa = PBXFileReference; lastKnownFileType = sourcecode.swift; path = XZSeeRedPacketTabVC.swift; sourceTree = "<group>"; };
		E38F8AB9215379DA00B0F506 /* XZSeeRedPacketCell.swift */ = {isa = PBXFileReference; lastKnownFileType = sourcecode.swift; path = XZSeeRedPacketCell.swift; sourceTree = "<group>"; };
		E3A9AADE213F663A00FAEEAF /* XZMyPickerView.swift */ = {isa = PBXFileReference; lastKnownFileType = sourcecode.swift; path = XZMyPickerView.swift; sourceTree = "<group>"; };
		E3A9AAE0213FA7F700FAEEAF /* XZPayMeNavView.swift */ = {isa = PBXFileReference; fileEncoding = 4; lastKnownFileType = sourcecode.swift; path = XZPayMeNavView.swift; sourceTree = "<group>"; };
		E3A9AAE1213FA7F700FAEEAF /* XZPayMeNavView.xib */ = {isa = PBXFileReference; fileEncoding = 4; lastKnownFileType = file.xib; path = XZPayMeNavView.xib; sourceTree = "<group>"; };
		E3BC6D0E2144EE4D000FDB12 /* XZPayFriendCellTableViewCell.swift */ = {isa = PBXFileReference; lastKnownFileType = sourcecode.swift; path = XZPayFriendCellTableViewCell.swift; sourceTree = "<group>"; };
		E3BC6D1221450425000FDB12 /* XZAddressBookVC.swift */ = {isa = PBXFileReference; lastKnownFileType = sourcecode.swift; path = XZAddressBookVC.swift; sourceTree = "<group>"; };
		E3BC6D1621450830000FDB12 /* XZAddressSecondCell.swift */ = {isa = PBXFileReference; lastKnownFileType = sourcecode.swift; path = XZAddressSecondCell.swift; sourceTree = "<group>"; };
		E3BC6D1821450850000FDB12 /* XZAddressFirstCell.swift */ = {isa = PBXFileReference; lastKnownFileType = sourcecode.swift; path = XZAddressFirstCell.swift; sourceTree = "<group>"; };
		E3D98EDD213638C300887FAF /* PaySimulator.app */ = {isa = PBXFileReference; explicitFileType = wrapper.application; includeInIndex = 0; path = PaySimulator.app; sourceTree = BUILT_PRODUCTS_DIR; };
		E3D98EF1213638C400887FAF /* PaySimulatorTests.xctest */ = {isa = PBXFileReference; explicitFileType = wrapper.cfbundle; includeInIndex = 0; path = PaySimulatorTests.xctest; sourceTree = BUILT_PRODUCTS_DIR; };
		E3D98EF5213638C400887FAF /* PaySimulatorTests.swift */ = {isa = PBXFileReference; lastKnownFileType = sourcecode.swift; path = PaySimulatorTests.swift; sourceTree = "<group>"; };
		E3D98EF7213638C400887FAF /* Info.plist */ = {isa = PBXFileReference; lastKnownFileType = text.plist.xml; path = Info.plist; sourceTree = "<group>"; };
		E3D98EFC213638C400887FAF /* PaySimulatorUITests.xctest */ = {isa = PBXFileReference; explicitFileType = wrapper.cfbundle; includeInIndex = 0; path = PaySimulatorUITests.xctest; sourceTree = BUILT_PRODUCTS_DIR; };
		E3D98F00213638C400887FAF /* PaySimulatorUITests.swift */ = {isa = PBXFileReference; lastKnownFileType = sourcecode.swift; path = PaySimulatorUITests.swift; sourceTree = "<group>"; };
		E3D98F02213638C400887FAF /* Info.plist */ = {isa = PBXFileReference; lastKnownFileType = text.plist.xml; path = Info.plist; sourceTree = "<group>"; };
		E3D98F3721363F6000887FAF /* PaySimulator-Bridging-Header.h */ = {isa = PBXFileReference; lastKnownFileType = sourcecode.c.h; path = "PaySimulator-Bridging-Header.h"; sourceTree = "<group>"; };
		E3D98F3821363F6100887FAF /* ViewController.swift */ = {isa = PBXFileReference; fileEncoding = 4; lastKnownFileType = sourcecode.swift; path = ViewController.swift; sourceTree = "<group>"; };
		E3D98F3E21363F6100887FAF /* Info.plist */ = {isa = PBXFileReference; fileEncoding = 4; lastKnownFileType = text.plist.xml; path = Info.plist; sourceTree = "<group>"; };
		E3D98F3F21363F6100887FAF /* AppDelegate.swift */ = {isa = PBXFileReference; fileEncoding = 4; lastKnownFileType = sourcecode.swift; path = AppDelegate.swift; sourceTree = "<group>"; };
		E3D98F4021363F6100887FAF /* Assets.xcassets */ = {isa = PBXFileReference; lastKnownFileType = folder.assetcatalog; path = Assets.xcassets; sourceTree = "<group>"; };
		E3D98F4721363FE900887FAF /* LaunchScreen.storyboard */ = {isa = PBXFileReference; fileEncoding = 4; lastKnownFileType = file.storyboard; path = LaunchScreen.storyboard; sourceTree = "<group>"; };
		E3D98F4821363FE900887FAF /* Main.storyboard */ = {isa = PBXFileReference; fileEncoding = 4; lastKnownFileType = file.storyboard; path = Main.storyboard; sourceTree = "<group>"; };
		E3D98F4D2136414A00887FAF /* XZMainButton.swift */ = {isa = PBXFileReference; lastKnownFileType = sourcecode.swift; path = XZMainButton.swift; sourceTree = "<group>"; };
		E3D98F4F2136426200887FAF /* UIView+KRExtension.m */ = {isa = PBXFileReference; fileEncoding = 4; lastKnownFileType = sourcecode.c.objc; path = "UIView+KRExtension.m"; sourceTree = "<group>"; };
		E3D98F502136426200887FAF /* UIView+KRExtension.h */ = {isa = PBXFileReference; fileEncoding = 4; lastKnownFileType = sourcecode.c.h; path = "UIView+KRExtension.h"; sourceTree = "<group>"; };
		E3D98F52213669E100887FAF /* XZCommon.swift */ = {isa = PBXFileReference; fileEncoding = 4; lastKnownFileType = sourcecode.swift; path = XZCommon.swift; sourceTree = "<group>"; };
/* End PBXFileReference section */

/* Begin PBXFrameworksBuildPhase section */
		E3D98EDA213638C300887FAF /* Frameworks */ = {
			isa = PBXFrameworksBuildPhase;
			buildActionMask = 2147483647;
			files = (
				BDCB71468CB2417485916285 /* Pods_PaySimulator.framework in Frameworks */,
			);
			runOnlyForDeploymentPostprocessing = 0;
		};
		E3D98EEE213638C400887FAF /* Frameworks */ = {
			isa = PBXFrameworksBuildPhase;
			buildActionMask = 2147483647;
			files = (
			);
			runOnlyForDeploymentPostprocessing = 0;
		};
		E3D98EF9213638C400887FAF /* Frameworks */ = {
			isa = PBXFrameworksBuildPhase;
			buildActionMask = 2147483647;
			files = (
			);
			runOnlyForDeploymentPostprocessing = 0;
		};
/* End PBXFrameworksBuildPhase section */

/* Begin PBXGroup section */
		2A4522508B94BF6B57C227CE /* Pods */ = {
			isa = PBXGroup;
			children = (
				D3B52F6AFEBEE68D5BA4672D /* Pods-PaySimulator.debug.xcconfig */,
				1148BAE4CDE60ADD2009EBA1 /* Pods-PaySimulator.release.xcconfig */,
			);
			name = Pods;
			sourceTree = "<group>";
		};
		5E085D63213FD41E003B0918 /* lib */ = {
			isa = PBXGroup;
			children = (
				5E4C65BE21538C5900478351 /* SCLAlertView */,
				5E085D64213FD41E003B0918 /* WRNavigationBar */,
			);
			path = lib;
			sourceTree = "<group>";
		};
		5E085D64213FD41E003B0918 /* WRNavigationBar */ = {
			isa = PBXGroup;
			children = (
				5E085D65213FD41E003B0918 /* WRCustomNavigationBar.swift */,
				5E085D66213FD41E003B0918 /* WRNavigationBar.swift */,
			);
			path = WRNavigationBar;
			sourceTree = "<group>";
		};
		5E42F312214756840034B691 /* Tool */ = {
			isa = PBXGroup;
			children = (
				5E42F3152147596F0034B691 /* TinyModel.swift */,
				5E42F313214756A80034B691 /* XZFaceManager.swift */,
				5E42F41B21475E490034B691 /* ICFaceManager.h */,
				5E42F41C21475E490034B691 /* ICFaceManager.m */,
				5E55261921490EB1004204AF /* XZMessageHelper.swift */,
				5E6938E3214CFA3100B04693 /* XZImage.swift */,
				5E7C8DBA2154A028002620E3 /* XZDate.swift */,
			);
			path = Tool;
			sourceTree = "<group>";
		};
		5E42F31721475B810034B691 /* Source */ = {
			isa = PBXGroup;
			children = (
				5E5526132148AF15004204AF /* KILabel */,
				5E42F43A2147C1CD0034B691 /* ChatImage */,
			);
			path = Source;
			sourceTree = "<group>";
		};
		5E42F43A2147C1CD0034B691 /* ChatImage */ = {
			isa = PBXGroup;
			children = (
			);
			path = ChatImage;
			sourceTree = "<group>";
		};
		5E4C65B721534C2B00478351 /* Model */ = {
			isa = PBXGroup;
			children = (
				5E4C65B821534C2B00478351 /* XZBillModel.swift */,
				5E4C65BA21534E4E00478351 /* XZUserModel.swift */,
				5E4C65BC21534EB400478351 /* XZFriendListModel.swift */,
			);
			path = Model;
			sourceTree = "<group>";
		};
		5E4C65BE21538C5900478351 /* SCLAlertView */ = {
			isa = PBXGroup;
			children = (
				5E4C65BF21538C5900478351 /* SCLAlertView.swift */,
				5E4C65C021538C5900478351 /* SCLExtensions.swift */,
			);
			path = SCLAlertView;
			sourceTree = "<group>";
		};
		5E4FC2082146107400E0A5A9 /* Chat */ = {
			isa = PBXGroup;
			children = (
				5E42F31721475B810034B691 /* Source */,
				5E42F312214756840034B691 /* Tool */,
				5E4FC218214617F500E0A5A9 /* Config */,
				5E4FC211214611BF00E0A5A9 /* View */,
				5E4FC20E2146116100E0A5A9 /* Model */,
				5E4FC2092146108C00E0A5A9 /* Controller */,
			);
			path = Chat;
			sourceTree = "<group>";
		};
		5E4FC2092146108C00E0A5A9 /* Controller */ = {
			isa = PBXGroup;
			children = (
				5E4FC20A214610D000E0A5A9 /* XZChatViewController.swift */,
				5E4FC20C214610FA00E0A5A9 /* XZBoxViewController.swift */,
				5E4B86232151D84900DF4003 /* XZChatVoiceTimeViewController.swift */,
				5E4B86252151D8B200DF4003 /* XZSystemTimeViewController.swift */,
				5E4B862E2152296500DF4003 /* XZEditRedPacketViewController.swift */,
				5E4B863221522A6200DF4003 /* XZEditRedPacketTableViewController.swift */,
				5E4B86342152482E00DF4003 /* XZChatTranferViewController.swift */,
				E38F8AB721536F5F00B0F506 /* XZSeeRedPacketTabVC.swift */,
			);
			path = Controller;
			sourceTree = "<group>";
		};
		5E4FC20E2146116100E0A5A9 /* Model */ = {
			isa = PBXGroup;
			children = (
				5E4FC223214663F500E0A5A9 /* XZEmotion.swift */,
				5E42F4342147ACBD0034B691 /* XZMessageFrame.swift */,
				5E42F4362147AD460034B691 /* XZMessageModel.swift */,
				5E42F4382147AD6C0034B691 /* XZMessage.swift */,
				5EFA73DE2155F0F8009D6E44 /* XZChatListModel.swift */,
				5EFA73E02155F120009D6E44 /* XZChatModel.swift */,
			);
			path = Model;
			sourceTree = "<group>";
		};
		5E4FC211214611BF00E0A5A9 /* View */ = {
			isa = PBXGroup;
			children = (
				5E4FC215214611EB00E0A5A9 /* ChatBox */,
				5E4FC214214611E000E0A5A9 /* Cell */,
			);
			path = View;
			sourceTree = "<group>";
		};
		5E4FC214214611E000E0A5A9 /* Cell */ = {
			isa = PBXGroup;
			children = (
				5E4FC2162146122C00E0A5A9 /* XZBaseMessageCell.swift */,
				5E42F42A2147A8DB0034B691 /* XZChatMessageTextCell.swift */,
				5E42F42C2147A8F00034B691 /* XZChatMessageImageCell.swift */,
				5E42F42E2147A90E0034B691 /* XZChatMessageVoiceCell.swift */,
				5E4157C7214B8D5E00AD8E39 /* XZChatMessageTimeCell.swift */,
				5E552617214906B4004204AF /* XZChatMessageTransferCell.swift */,
				5E42F4302147A9310034B691 /* XZChatMessageRedPacketCell.swift */,
				5E6938E1214CA72200B04693 /* XZChatMessageRedPacketOpenCell.swift */,
				5E42F4322147A9480034B691 /* XZChatMessageSystemCell.swift */,
				E38F8AB9215379DA00B0F506 /* XZSeeRedPacketCell.swift */,
				E38F8AB42153514A00B0F506 /* XZSeeRedPacketCell.xib */,
			);
			path = Cell;
			sourceTree = "<group>";
		};
		5E4FC215214611EB00E0A5A9 /* ChatBox */ = {
			isa = PBXGroup;
			children = (
				5E4FC212214611DB00E0A5A9 /* XZChatBoxView.swift */,
				5E4FC21D21463CF200E0A5A9 /* XZChatBoxMoreView.swift */,
				5E4FC21F21463D0800E0A5A9 /* XZChatBoxFaceView.swift */,
				5E4FC2212146636D00E0A5A9 /* XZEmotionListView.swift */,
				5E4FC225214664A900E0A5A9 /* XZEmotionPageView.swift */,
				5E42F30B21474B1F0034B691 /* XZEmotionButton.swift */,
			);
			path = ChatBox;
			sourceTree = "<group>";
		};
		5E4FC218214617F500E0A5A9 /* Config */ = {
			isa = PBXGroup;
			children = (
				5E42F310214750030034B691 /* NSString+Extension.h */,
				5E42F30F214750020034B691 /* NSString+Extension.m */,
				5E4FC21B2146182F00E0A5A9 /* XZChatConfig.swift */,
				5E42F30D21474E2F0034B691 /* XZExtension.swift */,
			);
			path = Config;
			sourceTree = "<group>";
		};
		5E5526132148AF15004204AF /* KILabel */ = {
			isa = PBXGroup;
			children = (
				5E5526142148AF15004204AF /* KILabel.h */,
				5E5526152148AF15004204AF /* KILabel.m */,
			);
			path = KILabel;
			sourceTree = "<group>";
		};
		5E585168214397B0004A2C4B /* XZBaseModel */ = {
			isa = PBXGroup;
			children = (
				5E5851692143981F004A2C4B /* XZBaseModel.swift */,
			);
			path = XZBaseModel;
			sourceTree = "<group>";
		};
		6B0552CAAD1764AB0A323297 /* Frameworks */ = {
			isa = PBXGroup;
			children = (
				5E7C8DBC2154DB06002620E3 /* FDTake.framework */,
				5E4B4E782142676C003D3D23 /* libsqlite3.tbd */,
				5E4B4E762142675E003D3D23 /* libsqlite3.0.tbd */,
				146A184C35B4502F43F0D60E /* Pods_PaySimulator.framework */,
			);
			name = Frameworks;
			sourceTree = "<group>";
		};
		E34617FA213BBFDC007C2AA6 /* 个人信息 */ = {
			isa = PBXGroup;
			children = (
				E35B5D79213D2C3100E59A88 /* UserManage */,
				E34617FB213BBFDC007C2AA6 /* Controller */,
				E34617FC213BBFDC007C2AA6 /* Model */,
				E34617FD213BBFDC007C2AA6 /* View */,
				E34617FE213BBFDC007C2AA6 /* ViewModel */,
			);
			path = "个人信息";
			sourceTree = "<group>";
		};
		E34617FB213BBFDC007C2AA6 /* Controller */ = {
			isa = PBXGroup;
			children = (
				E34617FF213BC041007C2AA6 /* XZUserInfoTabVC.swift */,
				E34E1525213E5E0A00D23547 /* XZEditUserInfoVC.swift */,
			);
			path = Controller;
			sourceTree = "<group>";
		};
		E34617FC213BBFDC007C2AA6 /* Model */ = {
			isa = PBXGroup;
			children = (
			);
			path = Model;
			sourceTree = "<group>";
		};
		E34617FD213BBFDC007C2AA6 /* View */ = {
			isa = PBXGroup;
			children = (
				E3461803213BC655007C2AA6 /* XZPayUserInfoCell.swift */,
				E3461804213BC655007C2AA6 /* XZPayUserInfoCell.xib */,
			);
			path = View;
			sourceTree = "<group>";
		};
		E34617FE213BBFDC007C2AA6 /* ViewModel */ = {
			isa = PBXGroup;
			children = (
			);
			path = ViewModel;
			sourceTree = "<group>";
		};
		E3461807213BEBB3007C2AA6 /* 弹出系统相机相册 */ = {
			isa = PBXGroup;
			children = (
				E35B5D77213CC01300E59A88 /* XZMyPhotoManage.swift */,
			);
			path = "弹出系统相机相册";
			sourceTree = "<group>";
		};
		E348974821428EF60062410B /* 提现 */ = {
			isa = PBXGroup;
			children = (
				E348974921428EF60062410B /* Controller */,
				E348974D21428EF60062410B /* Model */,
				E348974F21428EF60062410B /* View */,
				E348975021428EF60062410B /* ViewModel */,
			);
			name = "提现";
			path = "PaySimulator/Classes/Pay/Me/提现";
			sourceTree = SOURCE_ROOT;
		};
		E348974921428EF60062410B /* Controller */ = {
			isa = PBXGroup;
			children = (
				E348974A21428EF60062410B /* XZWithdrawalBillTabVC.swift */,
				E348974B21428EF60062410B /* XZWithdrawalTabVC.swift */,
				E348974C21428EF60062410B /* XZWithdrawalVC.swift */,
			);
			path = Controller;
			sourceTree = "<group>";
		};
		E348974D21428EF60062410B /* Model */ = {
			isa = PBXGroup;
			children = (
				E348974E21428EF60062410B /* XZWithdrawalModel.swift */,
			);
			path = Model;
			sourceTree = "<group>";
		};
		E348974F21428EF60062410B /* View */ = {
			isa = PBXGroup;
			children = (
			);
			path = View;
			sourceTree = "<group>";
		};
		E348975021428EF60062410B /* ViewModel */ = {
			isa = PBXGroup;
			children = (
			);
			path = ViewModel;
			sourceTree = "<group>";
		};
		E35B5D79213D2C3100E59A88 /* UserManage */ = {
			isa = PBXGroup;
			children = (
				E35B5D7A213D2C5300E59A88 /* XZUserHelper.swift */,
			);
			path = UserManage;
			sourceTree = "<group>";
		};
		E36048462137A07000ECF65F /* PayManTabbarVC */ = {
			isa = PBXGroup;
			children = (
				E36048492137A0C700ECF65F /* XZPayMainTabBarVC.swift */,
			);
			path = PayManTabbarVC;
			sourceTree = "<group>";
		};
		E36490832140D2C9005F234B /* 余额 */ = {
			isa = PBXGroup;
			children = (
				E36490842140D2C9005F234B /* Controller */,
				E36490852140D2C9005F234B /* View */,
				E36490862140D2C9005F234B /* ViewModel */,
			);
			path = "余额";
			sourceTree = "<group>";
		};
		E36490842140D2C9005F234B /* Controller */ = {
			isa = PBXGroup;
			children = (
				E36490892140D8D3005F234B /* XZBalanceVC.swift */,
				E36490872140D2F8005F234B /* XZBalanceTabVC.swift */,
				E3649098214131FF005F234B /* XZTopUpFinishVC.swift */,
				E3649099214131FF005F234B /* XZTopUpVC.swift */,
			);
			path = Controller;
			sourceTree = "<group>";
		};
		E36490852140D2C9005F234B /* View */ = {
			isa = PBXGroup;
			children = (
			);
			path = View;
			sourceTree = "<group>";
		};
		E36490862140D2C9005F234B /* ViewModel */ = {
			isa = PBXGroup;
			children = (
			);
			path = ViewModel;
			sourceTree = "<group>";
		};
		E3A9AADD213F64D100FAEEAF /* 选择器Pickerview */ = {
			isa = PBXGroup;
			children = (
				5ECE67CD2140FC7500C8C5A9 /* XZMyAlertSheetTableViewCell.swift */,
				5ECE67CC2140FC7400C8C5A9 /* XZMyAlertSheetView.swift */,
				E3A9AADE213F663A00FAEEAF /* XZMyPickerView.swift */,
			);
			path = "选择器Pickerview";
			sourceTree = "<group>";
		};
		E3D98ED4213638C300887FAF = {
			isa = PBXGroup;
			children = (
				E3D98EDF213638C300887FAF /* PaySimulator */,
				E3D98EF4213638C400887FAF /* PaySimulatorTests */,
				E3D98EFF213638C400887FAF /* PaySimulatorUITests */,
				E3D98EDE213638C300887FAF /* Products */,
				2A4522508B94BF6B57C227CE /* Pods */,
				6B0552CAAD1764AB0A323297 /* Frameworks */,
			);
			sourceTree = "<group>";
		};
		E3D98EDE213638C300887FAF /* Products */ = {
			isa = PBXGroup;
			children = (
				E3D98EDD213638C300887FAF /* PaySimulator.app */,
				E3D98EF1213638C400887FAF /* PaySimulatorTests.xctest */,
				E3D98EFC213638C400887FAF /* PaySimulatorUITests.xctest */,
			);
			name = Products;
			sourceTree = "<group>";
		};
		E3D98EDF213638C300887FAF /* PaySimulator */ = {
			isa = PBXGroup;
			children = (
				5E42F424214762BE0034B691 /* info.json */,
				5E42F420214760E40034B691 /* BaseEmotion.plist */,
				E3D98F0E21363A3900887FAF /* Classes */,
			);
			path = PaySimulator;
			sourceTree = "<group>";
		};
		E3D98EF4213638C400887FAF /* PaySimulatorTests */ = {
			isa = PBXGroup;
			children = (
				E3D98EF5213638C400887FAF /* PaySimulatorTests.swift */,
				E3D98EF7213638C400887FAF /* Info.plist */,
			);
			path = PaySimulatorTests;
			sourceTree = "<group>";
		};
		E3D98EFF213638C400887FAF /* PaySimulatorUITests */ = {
			isa = PBXGroup;
			children = (
				E3D98F00213638C400887FAF /* PaySimulatorUITests.swift */,
				E3D98F02213638C400887FAF /* Info.plist */,
			);
			path = PaySimulatorUITests;
			sourceTree = "<group>";
		};
		E3D98F0E21363A3900887FAF /* Classes */ = {
			isa = PBXGroup;
			children = (
				5E4FC2082146107400E0A5A9 /* Chat */,
				E3D98F1621363A3900887FAF /* Pay */,
				E3D98F1021363A3900887FAF /* Main */,
				E3D98F0F21363A3900887FAF /* Category */,
				E3D98F1521363A3900887FAF /* Other */,
				E3D98F3121363A3900887FAF /* Tools */,
				E3D98F3221363A3900887FAF /* Utilities */,
				E3D98F3021363A3900887FAF /* Resource */,
			);
			path = Classes;
			sourceTree = "<group>";
		};
		E3D98F0F21363A3900887FAF /* Category */ = {
			isa = PBXGroup;
			children = (
				E3D98F502136426200887FAF /* UIView+KRExtension.h */,
				E3D98F4F2136426200887FAF /* UIView+KRExtension.m */,
			);
			path = Category;
			sourceTree = "<group>";
		};
		E3D98F1021363A3900887FAF /* Main */ = {
			isa = PBXGroup;
			children = (
				E3D98F1121363A3900887FAF /* Controller */,
				E3D98F1221363A3900887FAF /* Model */,
				E3D98F1321363A3900887FAF /* View */,
				E3D98F1421363A3900887FAF /* ViewModel */,
			);
			path = Main;
			sourceTree = "<group>";
		};
		E3D98F1121363A3900887FAF /* Controller */ = {
			isa = PBXGroup;
			children = (
				E36048422137988600ECF65F /* XZMainHomeVC.swift */,
			);
			path = Controller;
			sourceTree = "<group>";
		};
		E3D98F1221363A3900887FAF /* Model */ = {
			isa = PBXGroup;
			children = (
			);
			path = Model;
			sourceTree = "<group>";
		};
		E3D98F1321363A3900887FAF /* View */ = {
			isa = PBXGroup;
			children = (
			);
			path = View;
			sourceTree = "<group>";
		};
		E3D98F1421363A3900887FAF /* ViewModel */ = {
			isa = PBXGroup;
			children = (
			);
			path = ViewModel;
			sourceTree = "<group>";
		};
		E3D98F1521363A3900887FAF /* Other */ = {
			isa = PBXGroup;
			children = (
				5E085D63213FD41E003B0918 /* lib */,
			);
			path = Other;
			sourceTree = "<group>";
		};
		E3D98F1621363A3900887FAF /* Pay */ = {
			isa = PBXGroup;
			children = (
				E3D98F1C21363A3900887FAF /* Home */,
				E3D98F2621363A3900887FAF /* Money */,
				E3D98F2B21363A3900887FAF /* Praise  */,
				E3D98F1721363A3900887FAF /* Friend */,
				E3D98F2121363A3900887FAF /* Me */,
				E36048462137A07000ECF65F /* PayManTabbarVC */,
			);
			path = Pay;
			sourceTree = "<group>";
		};
		E3D98F1721363A3900887FAF /* Friend */ = {
			isa = PBXGroup;
			children = (
				E3D98F1821363A3900887FAF /* Controller */,
				E3D98F1921363A3900887FAF /* Model */,
				E3D98F1A21363A3900887FAF /* View */,
				E3D98F1B21363A3900887FAF /* ViewModel */,
			);
			path = Friend;
			sourceTree = "<group>";
		};
		E3D98F1821363A3900887FAF /* Controller */ = {
			isa = PBXGroup;
			children = (
				E36048512137A16700ECF65F /* PayFriend.storyboard */,
				E360485B2137A23400ECF65F /* XZPayFriendVC.swift */,
				E3BC6D1221450425000FDB12 /* XZAddressBookVC.swift */,
				5E4C65B021532C1500478351 /* XZAddFriendViewController.swift */,
				5E4C65B4215330F500478351 /* XZAddFriendTableViewController.swift */,
			);
			path = Controller;
			sourceTree = "<group>";
		};
		E3D98F1921363A3900887FAF /* Model */ = {
			isa = PBXGroup;
			children = (
				5E4B862721521C2B00DF4003 /* XZAddressBookModel.swift */,
			);
			path = Model;
			sourceTree = "<group>";
		};
		E3D98F1A21363A3900887FAF /* View */ = {
			isa = PBXGroup;
			children = (
				E3BC6D0E2144EE4D000FDB12 /* XZPayFriendCellTableViewCell.swift */,
				E3BC6D1821450850000FDB12 /* XZAddressFirstCell.swift */,
				E3BC6D1621450830000FDB12 /* XZAddressSecondCell.swift */,
			);
			path = View;
			sourceTree = "<group>";
		};
		E3D98F1B21363A3900887FAF /* ViewModel */ = {
			isa = PBXGroup;
			children = (
				5E4B862921521C3300DF4003 /* XZAddressBookManager.h */,
				5E4B862A21521C3300DF4003 /* XZAddressBookManager.m */,
			);
			path = ViewModel;
			sourceTree = "<group>";
		};
		E3D98F1C21363A3900887FAF /* Home */ = {
			isa = PBXGroup;
			children = (
				E3D98F1D21363A3900887FAF /* Controller */,
				E3D98F1E21363A3900887FAF /* Model */,
				E3D98F1F21363A3900887FAF /* View */,
				E3D98F2021363A3900887FAF /* ViewModel */,
			);
			path = Home;
			sourceTree = "<group>";
		};
		E3D98F1D21363A3900887FAF /* Controller */ = {
			isa = PBXGroup;
			children = (
				E360484B2137A10A00ECF65F /* PayHome.storyboard */,
				E36048552137A1DB00ECF65F /* XZPayHomeVC.swift */,
			);
			path = Controller;
			sourceTree = "<group>";
		};
		E3D98F1E21363A3900887FAF /* Model */ = {
			isa = PBXGroup;
			children = (
			);
			path = Model;
			sourceTree = "<group>";
		};
		E3D98F1F21363A3900887FAF /* View */ = {
			isa = PBXGroup;
			children = (
			);
			path = View;
			sourceTree = "<group>";
		};
		E3D98F2021363A3900887FAF /* ViewModel */ = {
			isa = PBXGroup;
			children = (
			);
			path = ViewModel;
			sourceTree = "<group>";
		};
		E3D98F2121363A3900887FAF /* Me */ = {
			isa = PBXGroup;
			children = (
				5E4C65B721534C2B00478351 /* Model */,
				E3D98F2221363A3900887FAF /* Controller */,
				E3D98F2421363A3900887FAF /* View */,
				E3D98F2521363A3900887FAF /* ViewModel */,
				E34617FA213BBFDC007C2AA6 /* 个人信息 */,
				E348974821428EF60062410B /* 提现 */,
				E36490832140D2C9005F234B /* 余额 */,
			);
			path = Me;
			sourceTree = "<group>";
		};
		E3D98F2221363A3900887FAF /* Controller */ = {
			isa = PBXGroup;
			children = (
				5ECE67CA2140FBBA00C8C5A9 /* XZReceivablesTableViewController.swift */,
				E36048532137A19100ECF65F /* PayMe.storyboard */,
				E36048612137A2B100ECF65F /* XZPayMeVC.swift */,
				E34617F4213B873B007C2AA6 /* XZPayMeTableViewController.swift */,
				5E085D6B213FD462003B0918 /* XZReceivablesViewController.swift */,
				5ECE67D0214115A500C8C5A9 /* XZBillShowViewController.swift */,
				5ECE67D2214115F500C8C5A9 /* XZBillTableViewController.swift */,
			);
			path = Controller;
			sourceTree = "<group>";
		};
		E3D98F2421363A3900887FAF /* View */ = {
			isa = PBXGroup;
			children = (
				5ECE67C72140FB7600C8C5A9 /* XZReceivablesFooterView.swift */,
				5ECE67C62140FB7600C8C5A9 /* XZReceivablesFooterView.xib */,
				E3A9AAE0213FA7F700FAEEAF /* XZPayMeNavView.swift */,
				E3A9AAE1213FA7F700FAEEAF /* XZPayMeNavView.xib */,
			);
			path = View;
			sourceTree = "<group>";
		};
		E3D98F2521363A3900887FAF /* ViewModel */ = {
			isa = PBXGroup;
			children = (
			);
			path = ViewModel;
			sourceTree = "<group>";
		};
		E3D98F2621363A3900887FAF /* Money */ = {
			isa = PBXGroup;
			children = (
				E3D98F2721363A3900887FAF /* Controller */,
				E3D98F2821363A3900887FAF /* Model */,
				E3D98F2921363A3900887FAF /* View */,
				E3D98F2A21363A3900887FAF /* ViewModel */,
			);
			path = Money;
			sourceTree = "<group>";
		};
		E3D98F2721363A3900887FAF /* Controller */ = {
			isa = PBXGroup;
			children = (
				E360484D2137A11B00ECF65F /* PayMoney.storyboard */,
				E36048572137A1F000ECF65F /* XZPayMoneyVC.swift */,
			);
			path = Controller;
			sourceTree = "<group>";
		};
		E3D98F2821363A3900887FAF /* Model */ = {
			isa = PBXGroup;
			children = (
			);
			path = Model;
			sourceTree = "<group>";
		};
		E3D98F2921363A3900887FAF /* View */ = {
			isa = PBXGroup;
			children = (
			);
			path = View;
			sourceTree = "<group>";
		};
		E3D98F2A21363A3900887FAF /* ViewModel */ = {
			isa = PBXGroup;
			children = (
			);
			path = ViewModel;
			sourceTree = "<group>";
		};
		E3D98F2B21363A3900887FAF /* Praise  */ = {
			isa = PBXGroup;
			children = (
				E3D98F2C21363A3900887FAF /* Controller */,
				E3D98F2D21363A3900887FAF /* Model */,
				E3D98F2E21363A3900887FAF /* View */,
				E3D98F2F21363A3900887FAF /* ViewModel */,
			);
			path = "Praise ";
			sourceTree = "<group>";
		};
		E3D98F2C21363A3900887FAF /* Controller */ = {
			isa = PBXGroup;
			children = (
				E360485F2137A29200ECF65F /* PayPraise.storyboard */,
				E360485D2137A27800ECF65F /* XZPayPraiseVC.swift */,
			);
			path = Controller;
			sourceTree = "<group>";
		};
		E3D98F2D21363A3900887FAF /* Model */ = {
			isa = PBXGroup;
			children = (
			);
			path = Model;
			sourceTree = "<group>";
		};
		E3D98F2E21363A3900887FAF /* View */ = {
			isa = PBXGroup;
			children = (
			);
			path = View;
			sourceTree = "<group>";
		};
		E3D98F2F21363A3900887FAF /* ViewModel */ = {
			isa = PBXGroup;
			children = (
			);
			path = ViewModel;
			sourceTree = "<group>";
		};
		E3D98F3021363A3900887FAF /* Resource */ = {
			isa = PBXGroup;
			children = (
				5E4B86372152549600DF4003 /* AddressBook.plist */,
				5E4B86362152549600DF4003 /* BaseEmotion.plist */,
				E3D98F3F21363F6100887FAF /* AppDelegate.swift */,
				E3D98F52213669E100887FAF /* XZCommon.swift */,
				E3D98F4021363F6100887FAF /* Assets.xcassets */,
				E3D98F4721363FE900887FAF /* LaunchScreen.storyboard */,
				E3D98F4821363FE900887FAF /* Main.storyboard */,
				5E4B862C21521FD900DF4003 /* RedPacket.storyboard */,
				5E4B4E5B21421447003D3D23 /* BillShow.storyboard */,
				5E4B4E59214213AA003D3D23 /* Bill.storyboard */,
				E3489739214212550062410B /* withDraw.storyboard */,
				5E58CAF02150F72500474F9F /* chat.storyboard */,
				E3D98F3E21363F6100887FAF /* Info.plist */,
				E3D98F3821363F6100887FAF /* ViewController.swift */,
				E3D98F3721363F6000887FAF /* PaySimulator-Bridging-Header.h */,
			);
			path = Resource;
			sourceTree = "<group>";
		};
		E3D98F3121363A3900887FAF /* Tools */ = {
			isa = PBXGroup;
			children = (
				E3461807213BEBB3007C2AA6 /* 弹出系统相机相册 */,
				E3A9AADD213F64D100FAEEAF /* 选择器Pickerview */,
				5E4B4E5D2142216D003D3D23 /* XZPublicTools.swift */,
			);
			path = Tools;
			sourceTree = "<group>";
		};
		E3D98F3221363A3900887FAF /* Utilities */ = {
			isa = PBXGroup;
			children = (
				5E585168214397B0004A2C4B /* XZBaseModel */,
				E3D98F3321363A3900887FAF /* Controller */,
				E3D98F3421363A3900887FAF /* Model */,
				E3D98F3521363A3900887FAF /* View */,
				E3D98F3621363A3900887FAF /* ViewModel */,
			);
			path = Utilities;
			sourceTree = "<group>";
		};
		E3D98F3321363A3900887FAF /* Controller */ = {
			isa = PBXGroup;
			children = (
				5E085D69213FD444003B0918 /* XZBaseViewController.swift */,
				E36048402137986700ECF65F /* XZBaseVC.swift */,
				E36048632137A32E00ECF65F /* XZBaseNavigationVC.swift */,
			);
			path = Controller;
			sourceTree = "<group>";
		};
		E3D98F3421363A3900887FAF /* Model */ = {
			isa = PBXGroup;
			children = (
				5EAF7334214272A50027812A /* ZBaseModel.h */,
				5EAF7335214272A50027812A /* ZBaseModel.m */,
			);
			path = Model;
			sourceTree = "<group>";
		};
		E3D98F3521363A3900887FAF /* View */ = {
			isa = PBXGroup;
			children = (
				E3D98F4D2136414A00887FAF /* XZMainButton.swift */,
				E34E152D213E784700D23547 /* XZBaseNavItemBtn.swift */,
			);
			path = View;
			sourceTree = "<group>";
		};
		E3D98F3621363A3900887FAF /* ViewModel */ = {
			isa = PBXGroup;
			children = (
			);
			path = ViewModel;
			sourceTree = "<group>";
		};
/* End PBXGroup section */

/* Begin PBXNativeTarget section */
		E3D98EDC213638C300887FAF /* PaySimulator */ = {
			isa = PBXNativeTarget;
			buildConfigurationList = E3D98F05213638C400887FAF /* Build configuration list for PBXNativeTarget "PaySimulator" */;
			buildPhases = (
				FAC3064C6E35A13FF1E97A21 /* [CP] Check Pods Manifest.lock */,
				E3D98ED9213638C300887FAF /* Sources */,
				E3D98EDA213638C300887FAF /* Frameworks */,
				E3D98EDB213638C300887FAF /* Resources */,
				62D9AF544165EDB4CB7A568F /* [CP] Embed Pods Frameworks */,
			);
			buildRules = (
			);
			dependencies = (
			);
			name = PaySimulator;
			productName = PaySimulator;
			productReference = E3D98EDD213638C300887FAF /* PaySimulator.app */;
			productType = "com.apple.product-type.application";
		};
		E3D98EF0213638C400887FAF /* PaySimulatorTests */ = {
			isa = PBXNativeTarget;
			buildConfigurationList = E3D98F08213638C400887FAF /* Build configuration list for PBXNativeTarget "PaySimulatorTests" */;
			buildPhases = (
				E3D98EED213638C400887FAF /* Sources */,
				E3D98EEE213638C400887FAF /* Frameworks */,
				E3D98EEF213638C400887FAF /* Resources */,
			);
			buildRules = (
			);
			dependencies = (
				E3D98EF3213638C400887FAF /* PBXTargetDependency */,
			);
			name = PaySimulatorTests;
			productName = PaySimulatorTests;
			productReference = E3D98EF1213638C400887FAF /* PaySimulatorTests.xctest */;
			productType = "com.apple.product-type.bundle.unit-test";
		};
		E3D98EFB213638C400887FAF /* PaySimulatorUITests */ = {
			isa = PBXNativeTarget;
			buildConfigurationList = E3D98F0B213638C400887FAF /* Build configuration list for PBXNativeTarget "PaySimulatorUITests" */;
			buildPhases = (
				E3D98EF8213638C400887FAF /* Sources */,
				E3D98EF9213638C400887FAF /* Frameworks */,
				E3D98EFA213638C400887FAF /* Resources */,
			);
			buildRules = (
			);
			dependencies = (
				E3D98EFE213638C400887FAF /* PBXTargetDependency */,
			);
			name = PaySimulatorUITests;
			productName = PaySimulatorUITests;
			productReference = E3D98EFC213638C400887FAF /* PaySimulatorUITests.xctest */;
			productType = "com.apple.product-type.bundle.ui-testing";
		};
/* End PBXNativeTarget section */

/* Begin PBXProject section */
		E3D98ED5213638C300887FAF /* Project object */ = {
			isa = PBXProject;
			attributes = {
				CLASSPREFIX = XZ;
				LastSwiftUpdateCheck = 0940;
				LastUpgradeCheck = 0940;
				ORGANIZATIONNAME = "再出发";
				TargetAttributes = {
					E3D98EDC213638C300887FAF = {
						CreatedOnToolsVersion = 9.4.1;
						LastSwiftMigration = 0940;
					};
					E3D98EF0213638C400887FAF = {
						CreatedOnToolsVersion = 9.4.1;
						TestTargetID = E3D98EDC213638C300887FAF;
					};
					E3D98EFB213638C400887FAF = {
						CreatedOnToolsVersion = 9.4.1;
						TestTargetID = E3D98EDC213638C300887FAF;
					};
				};
			};
			buildConfigurationList = E3D98ED8213638C300887FAF /* Build configuration list for PBXProject "PaySimulator" */;
			compatibilityVersion = "Xcode 9.3";
			developmentRegion = en;
			hasScannedForEncodings = 0;
			knownRegions = (
				en,
				Base,
			);
			mainGroup = E3D98ED4213638C300887FAF;
			productRefGroup = E3D98EDE213638C300887FAF /* Products */;
			projectDirPath = "";
			projectRoot = "";
			targets = (
				E3D98EDC213638C300887FAF /* PaySimulator */,
				E3D98EF0213638C400887FAF /* PaySimulatorTests */,
				E3D98EFB213638C400887FAF /* PaySimulatorUITests */,
			);
		};
/* End PBXProject section */

/* Begin PBXResourcesBuildPhase section */
		E3D98EDB213638C300887FAF /* Resources */ = {
			isa = PBXResourcesBuildPhase;
			buildActionMask = 2147483647;
			files = (
				E3D98F4921363FE900887FAF /* LaunchScreen.storyboard in Resources */,
				E3A9AAE3213FA7F700FAEEAF /* XZPayMeNavView.xib in Resources */,
				E3461806213BC655007C2AA6 /* XZPayUserInfoCell.xib in Resources */,
				5E42F425214762BE0034B691 /* info.json in Resources */,
				E348973A214212550062410B /* withDraw.storyboard in Resources */,
				E38F8AB62153514A00B0F506 /* XZSeeRedPacketCell.xib in Resources */,
				E36048602137A29200ECF65F /* PayPraise.storyboard in Resources */,
				E3D98F4621363F6100887FAF /* Assets.xcassets in Resources */,
				5ECE67C82140FB7600C8C5A9 /* XZReceivablesFooterView.xib in Resources */,
				E360484E2137A11B00ECF65F /* PayMoney.storyboard in Resources */,
				5E4B86392152549600DF4003 /* AddressBook.plist in Resources */,
				E36048542137A19100ECF65F /* PayMe.storyboard in Resources */,
				E360484C2137A10A00ECF65F /* PayHome.storyboard in Resources */,
				5E4B4E5C21421447003D3D23 /* BillShow.storyboard in Resources */,
				E36048522137A16700ECF65F /* PayFriend.storyboard in Resources */,
				5E4B86382152549600DF4003 /* BaseEmotion.plist in Resources */,
				E3D98F4421363F6100887FAF /* Info.plist in Resources */,
				5E42F421214760E40034B691 /* BaseEmotion.plist in Resources */,
				E3D98F4A21363FE900887FAF /* Main.storyboard in Resources */,
				5E58CAF12150F72500474F9F /* chat.storyboard in Resources */,
				5E4B862D21521FD900DF4003 /* RedPacket.storyboard in Resources */,
				5E4B4E5A214213AA003D3D23 /* Bill.storyboard in Resources */,
			);
			runOnlyForDeploymentPostprocessing = 0;
		};
		E3D98EEF213638C400887FAF /* Resources */ = {
			isa = PBXResourcesBuildPhase;
			buildActionMask = 2147483647;
			files = (
			);
			runOnlyForDeploymentPostprocessing = 0;
		};
		E3D98EFA213638C400887FAF /* Resources */ = {
			isa = PBXResourcesBuildPhase;
			buildActionMask = 2147483647;
			files = (
			);
			runOnlyForDeploymentPostprocessing = 0;
		};
/* End PBXResourcesBuildPhase section */

/* Begin PBXShellScriptBuildPhase section */
		62D9AF544165EDB4CB7A568F /* [CP] Embed Pods Frameworks */ = {
			isa = PBXShellScriptBuildPhase;
			buildActionMask = 2147483647;
			files = (
			);
			inputPaths = (
				"${SRCROOT}/Pods/Target Support Files/Pods-PaySimulator/Pods-PaySimulator-frameworks.sh",
				"${BUILT_PRODUCTS_DIR}/Alamofire/Alamofire.framework",
				"${BUILT_PRODUCTS_DIR}/DateTimePicker/DateTimePicker.framework",
				"${BUILT_PRODUCTS_DIR}/FMDB/FMDB.framework",
				"${BUILT_PRODUCTS_DIR}/HcdDateTimePicker/HcdDateTimePicker.framework",
				"${BUILT_PRODUCTS_DIR}/IQKeyboardManagerSwift/IQKeyboardManagerSwift.framework",
				"${BUILT_PRODUCTS_DIR}/Kingfisher/Kingfisher.framework",
				"${BUILT_PRODUCTS_DIR}/LKDBHelper/LKDBHelper.framework",
				"${BUILT_PRODUCTS_DIR}/MBProgressHUD/MBProgressHUD.framework",
				"${BUILT_PRODUCTS_DIR}/NVActivityIndicatorView/NVActivityIndicatorView.framework",
				"${BUILT_PRODUCTS_DIR}/SnapKit/SnapKit.framework",
				"${BUILT_PRODUCTS_DIR}/SwiftyJSON/SwiftyJSON.framework",
			);
			name = "[CP] Embed Pods Frameworks";
			outputPaths = (
				"${TARGET_BUILD_DIR}/${FRAMEWORKS_FOLDER_PATH}/Alamofire.framework",
				"${TARGET_BUILD_DIR}/${FRAMEWORKS_FOLDER_PATH}/DateTimePicker.framework",
				"${TARGET_BUILD_DIR}/${FRAMEWORKS_FOLDER_PATH}/FMDB.framework",
				"${TARGET_BUILD_DIR}/${FRAMEWORKS_FOLDER_PATH}/HcdDateTimePicker.framework",
				"${TARGET_BUILD_DIR}/${FRAMEWORKS_FOLDER_PATH}/IQKeyboardManagerSwift.framework",
				"${TARGET_BUILD_DIR}/${FRAMEWORKS_FOLDER_PATH}/Kingfisher.framework",
				"${TARGET_BUILD_DIR}/${FRAMEWORKS_FOLDER_PATH}/LKDBHelper.framework",
				"${TARGET_BUILD_DIR}/${FRAMEWORKS_FOLDER_PATH}/MBProgressHUD.framework",
				"${TARGET_BUILD_DIR}/${FRAMEWORKS_FOLDER_PATH}/NVActivityIndicatorView.framework",
				"${TARGET_BUILD_DIR}/${FRAMEWORKS_FOLDER_PATH}/SnapKit.framework",
				"${TARGET_BUILD_DIR}/${FRAMEWORKS_FOLDER_PATH}/SwiftyJSON.framework",
			);
			runOnlyForDeploymentPostprocessing = 0;
			shellPath = /bin/sh;
			shellScript = "\"${SRCROOT}/Pods/Target Support Files/Pods-PaySimulator/Pods-PaySimulator-frameworks.sh\"\n";
			showEnvVarsInLog = 0;
		};
		FAC3064C6E35A13FF1E97A21 /* [CP] Check Pods Manifest.lock */ = {
			isa = PBXShellScriptBuildPhase;
			buildActionMask = 2147483647;
			files = (
			);
			inputPaths = (
				"${PODS_PODFILE_DIR_PATH}/Podfile.lock",
				"${PODS_ROOT}/Manifest.lock",
			);
			name = "[CP] Check Pods Manifest.lock";
			outputPaths = (
				"$(DERIVED_FILE_DIR)/Pods-PaySimulator-checkManifestLockResult.txt",
			);
			runOnlyForDeploymentPostprocessing = 0;
			shellPath = /bin/sh;
			shellScript = "diff \"${PODS_PODFILE_DIR_PATH}/Podfile.lock\" \"${PODS_ROOT}/Manifest.lock\" > /dev/null\nif [ $? != 0 ] ; then\n    # print error to STDERR\n    echo \"error: The sandbox is not in sync with the Podfile.lock. Run 'pod install' or update your CocoaPods installation.\" >&2\n    exit 1\nfi\n# This output is used by Xcode 'outputs' to avoid re-running this script phase.\necho \"SUCCESS\" > \"${SCRIPT_OUTPUT_FILE_0}\"\n";
			showEnvVarsInLog = 0;
		};
/* End PBXShellScriptBuildPhase section */

/* Begin PBXSourcesBuildPhase section */
		E3D98ED9213638C300887FAF /* Sources */ = {
			isa = PBXSourcesBuildPhase;
			buildActionMask = 2147483647;
			files = (
				5EAF7336214272A50027812A /* ZBaseModel.m in Sources */,
				5E4FC213214611DB00E0A5A9 /* XZChatBoxView.swift in Sources */,
				5E42F314214756A80034B691 /* XZFaceManager.swift in Sources */,
				5E085D68213FD41E003B0918 /* WRNavigationBar.swift in Sources */,
				E36048562137A1DB00ECF65F /* XZPayHomeVC.swift in Sources */,
				5E6938E2214CA72200B04693 /* XZChatMessageRedPacketOpenCell.swift in Sources */,
				5E085D6C213FD462003B0918 /* XZReceivablesViewController.swift in Sources */,
				E36490882140D2F8005F234B /* XZBalanceTabVC.swift in Sources */,
				5E42F4332147A9480034B691 /* XZChatMessageSystemCell.swift in Sources */,
				E36048642137A32E00ECF65F /* XZBaseNavigationVC.swift in Sources */,
				5E4B862B21521C3300DF4003 /* XZAddressBookManager.m in Sources */,
				E34617F5213B873B007C2AA6 /* XZPayMeTableViewController.swift in Sources */,
				E360484A2137A0C700ECF65F /* XZPayMainTabBarVC.swift in Sources */,
				5E4157C8214B8D5E00AD8E39 /* XZChatMessageTimeCell.swift in Sources */,
				E34E1526213E5E0A00D23547 /* XZEditUserInfoVC.swift in Sources */,
				E3A9AADF213F663A00FAEEAF /* XZMyPickerView.swift in Sources */,
				5E42F42B2147A8DB0034B691 /* XZChatMessageTextCell.swift in Sources */,
				5E42F3162147596F0034B691 /* TinyModel.swift in Sources */,
				5E4FC2172146122C00E0A5A9 /* XZBaseMessageCell.swift in Sources */,
				E348975321428EF70062410B /* XZWithdrawalVC.swift in Sources */,
				E3D98F4521363F6100887FAF /* AppDelegate.swift in Sources */,
				5E4C65B5215330F500478351 /* XZAddFriendTableViewController.swift in Sources */,
				5E085D67213FD41E003B0918 /* WRCustomNavigationBar.swift in Sources */,
				E3461801213BC041007C2AA6 /* XZUserInfoTabVC.swift in Sources */,
				E34E152E213E784700D23547 /* XZBaseNavItemBtn.swift in Sources */,
				E360485E2137A27800ECF65F /* XZPayPraiseVC.swift in Sources */,
				E3D98F512136426200887FAF /* UIView+KRExtension.m in Sources */,
				E3461805213BC655007C2AA6 /* XZPayUserInfoCell.swift in Sources */,
				E38F8ABA215379DA00B0F506 /* XZSeeRedPacketCell.swift in Sources */,
				E348975121428EF70062410B /* XZWithdrawalBillTabVC.swift in Sources */,
				5E4FC21E21463CF200E0A5A9 /* XZChatBoxMoreView.swift in Sources */,
				5E552618214906B4004204AF /* XZChatMessageTransferCell.swift in Sources */,
				5E42F42F2147A90E0034B691 /* XZChatMessageVoiceCell.swift in Sources */,
				E3A9AAE2213FA7F700FAEEAF /* XZPayMeNavView.swift in Sources */,
				E36048432137988600ECF65F /* XZMainHomeVC.swift in Sources */,
				E3D98F4121363F6100887FAF /* ViewController.swift in Sources */,
				5E42F30E21474E2F0034B691 /* XZExtension.swift in Sources */,
				5E4C65C121538C5900478351 /* SCLAlertView.swift in Sources */,
				5E4C65BD21534EB400478351 /* XZFriendListModel.swift in Sources */,
				5E42F4392147AD6C0034B691 /* XZMessage.swift in Sources */,
				5E42F42D2147A8F00034B691 /* XZChatMessageImageCell.swift in Sources */,
				5ECE67D3214115F500C8C5A9 /* XZBillTableViewController.swift in Sources */,
				E3BC6D1721450830000FDB12 /* XZAddressSecondCell.swift in Sources */,
				5E5526162148AF16004204AF /* KILabel.m in Sources */,
				E348975421428EF70062410B /* XZWithdrawalModel.swift in Sources */,
				5E4B862821521C2B00DF4003 /* XZAddressBookModel.swift in Sources */,
				5E4FC20B214610D000E0A5A9 /* XZChatViewController.swift in Sources */,
				E348975221428EF70062410B /* XZWithdrawalTabVC.swift in Sources */,
				5E4B86352152482E00DF4003 /* XZChatTranferViewController.swift in Sources */,
				5E4B4E5E2142216D003D3D23 /* XZPublicTools.swift in Sources */,
				5E4B862F2152296500DF4003 /* XZEditRedPacketViewController.swift in Sources */,
				5E4FC22021463D0800E0A5A9 /* XZChatBoxFaceView.swift in Sources */,
				5E4C65B121532C1600478351 /* XZAddFriendViewController.swift in Sources */,
				E360485C2137A23400ECF65F /* XZPayFriendVC.swift in Sources */,
				E364909B21413200005F234B /* XZTopUpVC.swift in Sources */,
				5EFA73E12155F120009D6E44 /* XZChatModel.swift in Sources */,
				5ECE67CF2140FC7500C8C5A9 /* XZMyAlertSheetTableViewCell.swift in Sources */,
				5E42F4372147AD460034B691 /* XZMessageModel.swift in Sources */,
				5E4FC226214664A900E0A5A9 /* XZEmotionPageView.swift in Sources */,
				E35B5D78213CC01300E59A88 /* XZMyPhotoManage.swift in Sources */,
				5E4FC2222146636D00E0A5A9 /* XZEmotionListView.swift in Sources */,
				5E7C8DBB2154A028002620E3 /* XZDate.swift in Sources */,
				5EFA73DF2155F0F8009D6E44 /* XZChatListModel.swift in Sources */,
				5E4FC21C2146182F00E0A5A9 /* XZChatConfig.swift in Sources */,
				5ECE67D1214115A500C8C5A9 /* XZBillShowViewController.swift in Sources */,
				5E4C65C221538C5900478351 /* SCLExtensions.swift in Sources */,
				E36048582137A1F000ECF65F /* XZPayMoneyVC.swift in Sources */,
				5ECE67CB2140FBBA00C8C5A9 /* XZReceivablesTableViewController.swift in Sources */,
				5E42F4312147A9310034B691 /* XZChatMessageRedPacketCell.swift in Sources */,
				5E4B86262151D8B200DF4003 /* XZSystemTimeViewController.swift in Sources */,
				5E42F311214750030034B691 /* NSString+Extension.m in Sources */,
				5E4FC224214663F500E0A5A9 /* XZEmotion.swift in Sources */,
				5ECE67CE2140FC7500C8C5A9 /* XZMyAlertSheetView.swift in Sources */,
				5E6938E4214CFA3100B04693 /* XZImage.swift in Sources */,
				5E58516A2143981F004A2C4B /* XZBaseModel.swift in Sources */,
				E38F8AB821536F5F00B0F506 /* XZSeeRedPacketTabVC.swift in Sources */,
				E3BC6D0F2144EE4D000FDB12 /* XZPayFriendCellTableViewCell.swift in Sources */,
				5E42F4352147ACBD0034B691 /* XZMessageFrame.swift in Sources */,
				E36048412137986700ECF65F /* XZBaseVC.swift in Sources */,
				E3D98F4E2136414A00887FAF /* XZMainButton.swift in Sources */,
				5E4C65BB21534E4E00478351 /* XZUserModel.swift in Sources */,
				5E4B86242151D84900DF4003 /* XZChatVoiceTimeViewController.swift in Sources */,
				E3D98F53213669E100887FAF /* XZCommon.swift in Sources */,
				5E4B863321522A6200DF4003 /* XZEditRedPacketTableViewController.swift in Sources */,
				E35B5D7B213D2C5300E59A88 /* XZUserHelper.swift in Sources */,
				5E4C65B921534C2B00478351 /* XZBillModel.swift in Sources */,
				5E55261A21490EB1004204AF /* XZMessageHelper.swift in Sources */,
				5E42F41D21475E490034B691 /* ICFaceManager.m in Sources */,
				5E4FC20D214610FA00E0A5A9 /* XZBoxViewController.swift in Sources */,
				5E085D6A213FD444003B0918 /* XZBaseViewController.swift in Sources */,
				E364908A2140D8D3005F234B /* XZBalanceVC.swift in Sources */,
				5E42F30C21474B1F0034B691 /* XZEmotionButton.swift in Sources */,
				E36048622137A2B100ECF65F /* XZPayMeVC.swift in Sources */,
				E3BC6D1921450850000FDB12 /* XZAddressFirstCell.swift in Sources */,
				E3BC6D1321450425000FDB12 /* XZAddressBookVC.swift in Sources */,
				5ECE67C92140FB7600C8C5A9 /* XZReceivablesFooterView.swift in Sources */,
				E364909A21413200005F234B /* XZTopUpFinishVC.swift in Sources */,
			);
			runOnlyForDeploymentPostprocessing = 0;
		};
		E3D98EED213638C400887FAF /* Sources */ = {
			isa = PBXSourcesBuildPhase;
			buildActionMask = 2147483647;
			files = (
				E3D98EF6213638C400887FAF /* PaySimulatorTests.swift in Sources */,
			);
			runOnlyForDeploymentPostprocessing = 0;
		};
		E3D98EF8213638C400887FAF /* Sources */ = {
			isa = PBXSourcesBuildPhase;
			buildActionMask = 2147483647;
			files = (
				E3D98F01213638C400887FAF /* PaySimulatorUITests.swift in Sources */,
			);
			runOnlyForDeploymentPostprocessing = 0;
		};
/* End PBXSourcesBuildPhase section */

/* Begin PBXTargetDependency section */
		E3D98EF3213638C400887FAF /* PBXTargetDependency */ = {
			isa = PBXTargetDependency;
			target = E3D98EDC213638C300887FAF /* PaySimulator */;
			targetProxy = E3D98EF2213638C400887FAF /* PBXContainerItemProxy */;
		};
		E3D98EFE213638C400887FAF /* PBXTargetDependency */ = {
			isa = PBXTargetDependency;
			target = E3D98EDC213638C300887FAF /* PaySimulator */;
			targetProxy = E3D98EFD213638C400887FAF /* PBXContainerItemProxy */;
		};
/* End PBXTargetDependency section */

/* Begin XCBuildConfiguration section */
		E3D98F03213638C400887FAF /* Debug */ = {
			isa = XCBuildConfiguration;
			buildSettings = {
				ALWAYS_SEARCH_USER_PATHS = NO;
				CLANG_ANALYZER_NONNULL = YES;
				CLANG_ANALYZER_NUMBER_OBJECT_CONVERSION = YES_AGGRESSIVE;
				CLANG_CXX_LANGUAGE_STANDARD = "gnu++14";
				CLANG_CXX_LIBRARY = "libc++";
				CLANG_ENABLE_MODULES = YES;
				CLANG_ENABLE_OBJC_ARC = YES;
				CLANG_ENABLE_OBJC_WEAK = YES;
				CLANG_WARN_BLOCK_CAPTURE_AUTORELEASING = YES;
				CLANG_WARN_BOOL_CONVERSION = YES;
				CLANG_WARN_COMMA = YES;
				CLANG_WARN_CONSTANT_CONVERSION = YES;
				CLANG_WARN_DEPRECATED_OBJC_IMPLEMENTATIONS = YES;
				CLANG_WARN_DIRECT_OBJC_ISA_USAGE = YES_ERROR;
				CLANG_WARN_DOCUMENTATION_COMMENTS = YES;
				CLANG_WARN_EMPTY_BODY = YES;
				CLANG_WARN_ENUM_CONVERSION = YES;
				CLANG_WARN_INFINITE_RECURSION = YES;
				CLANG_WARN_INT_CONVERSION = YES;
				CLANG_WARN_NON_LITERAL_NULL_CONVERSION = YES;
				CLANG_WARN_OBJC_IMPLICIT_RETAIN_SELF = YES;
				CLANG_WARN_OBJC_LITERAL_CONVERSION = YES;
				CLANG_WARN_OBJC_ROOT_CLASS = YES_ERROR;
				CLANG_WARN_RANGE_LOOP_ANALYSIS = YES;
				CLANG_WARN_STRICT_PROTOTYPES = YES;
				CLANG_WARN_SUSPICIOUS_MOVE = YES;
				CLANG_WARN_UNGUARDED_AVAILABILITY = YES_AGGRESSIVE;
				CLANG_WARN_UNREACHABLE_CODE = YES;
				CLANG_WARN__DUPLICATE_METHOD_MATCH = YES;
				CODE_SIGN_IDENTITY = "iPhone Developer";
				COPY_PHASE_STRIP = NO;
				DEBUG_INFORMATION_FORMAT = dwarf;
				ENABLE_STRICT_OBJC_MSGSEND = YES;
				ENABLE_TESTABILITY = YES;
				GCC_C_LANGUAGE_STANDARD = gnu11;
				GCC_DYNAMIC_NO_PIC = NO;
				GCC_NO_COMMON_BLOCKS = YES;
				GCC_OPTIMIZATION_LEVEL = 0;
				GCC_PREPROCESSOR_DEFINITIONS = (
					"DEBUG=1",
					"$(inherited)",
				);
				GCC_WARN_64_TO_32_BIT_CONVERSION = YES;
				GCC_WARN_ABOUT_RETURN_TYPE = YES_ERROR;
				GCC_WARN_UNDECLARED_SELECTOR = YES;
				GCC_WARN_UNINITIALIZED_AUTOS = YES_AGGRESSIVE;
				GCC_WARN_UNUSED_FUNCTION = YES;
				GCC_WARN_UNUSED_VARIABLE = YES;
				IPHONEOS_DEPLOYMENT_TARGET = 11.4;
				MTL_ENABLE_DEBUG_INFO = YES;
				ONLY_ACTIVE_ARCH = YES;
				SDKROOT = iphoneos;
				SWIFT_ACTIVE_COMPILATION_CONDITIONS = DEBUG;
				SWIFT_OPTIMIZATION_LEVEL = "-Onone";
			};
			name = Debug;
		};
		E3D98F04213638C400887FAF /* Release */ = {
			isa = XCBuildConfiguration;
			buildSettings = {
				ALWAYS_SEARCH_USER_PATHS = NO;
				CLANG_ANALYZER_NONNULL = YES;
				CLANG_ANALYZER_NUMBER_OBJECT_CONVERSION = YES_AGGRESSIVE;
				CLANG_CXX_LANGUAGE_STANDARD = "gnu++14";
				CLANG_CXX_LIBRARY = "libc++";
				CLANG_ENABLE_MODULES = YES;
				CLANG_ENABLE_OBJC_ARC = YES;
				CLANG_ENABLE_OBJC_WEAK = YES;
				CLANG_WARN_BLOCK_CAPTURE_AUTORELEASING = YES;
				CLANG_WARN_BOOL_CONVERSION = YES;
				CLANG_WARN_COMMA = YES;
				CLANG_WARN_CONSTANT_CONVERSION = YES;
				CLANG_WARN_DEPRECATED_OBJC_IMPLEMENTATIONS = YES;
				CLANG_WARN_DIRECT_OBJC_ISA_USAGE = YES_ERROR;
				CLANG_WARN_DOCUMENTATION_COMMENTS = YES;
				CLANG_WARN_EMPTY_BODY = YES;
				CLANG_WARN_ENUM_CONVERSION = YES;
				CLANG_WARN_INFINITE_RECURSION = YES;
				CLANG_WARN_INT_CONVERSION = YES;
				CLANG_WARN_NON_LITERAL_NULL_CONVERSION = YES;
				CLANG_WARN_OBJC_IMPLICIT_RETAIN_SELF = YES;
				CLANG_WARN_OBJC_LITERAL_CONVERSION = YES;
				CLANG_WARN_OBJC_ROOT_CLASS = YES_ERROR;
				CLANG_WARN_RANGE_LOOP_ANALYSIS = YES;
				CLANG_WARN_STRICT_PROTOTYPES = YES;
				CLANG_WARN_SUSPICIOUS_MOVE = YES;
				CLANG_WARN_UNGUARDED_AVAILABILITY = YES_AGGRESSIVE;
				CLANG_WARN_UNREACHABLE_CODE = YES;
				CLANG_WARN__DUPLICATE_METHOD_MATCH = YES;
				CODE_SIGN_IDENTITY = "iPhone Developer";
				COPY_PHASE_STRIP = NO;
				DEBUG_INFORMATION_FORMAT = "dwarf-with-dsym";
				ENABLE_NS_ASSERTIONS = NO;
				ENABLE_STRICT_OBJC_MSGSEND = YES;
				GCC_C_LANGUAGE_STANDARD = gnu11;
				GCC_NO_COMMON_BLOCKS = YES;
				GCC_WARN_64_TO_32_BIT_CONVERSION = YES;
				GCC_WARN_ABOUT_RETURN_TYPE = YES_ERROR;
				GCC_WARN_UNDECLARED_SELECTOR = YES;
				GCC_WARN_UNINITIALIZED_AUTOS = YES_AGGRESSIVE;
				GCC_WARN_UNUSED_FUNCTION = YES;
				GCC_WARN_UNUSED_VARIABLE = YES;
				IPHONEOS_DEPLOYMENT_TARGET = 11.4;
				MTL_ENABLE_DEBUG_INFO = NO;
				SDKROOT = iphoneos;
				SWIFT_COMPILATION_MODE = wholemodule;
				SWIFT_OPTIMIZATION_LEVEL = "-O";
				VALIDATE_PRODUCT = YES;
			};
			name = Release;
		};
		E3D98F06213638C400887FAF /* Debug */ = {
			isa = XCBuildConfiguration;
			baseConfigurationReference = D3B52F6AFEBEE68D5BA4672D /* Pods-PaySimulator.debug.xcconfig */;
			buildSettings = {
				ASSETCATALOG_COMPILER_APPICON_NAME = AppIcon;
				CLANG_ENABLE_MODULES = YES;
				CODE_SIGN_STYLE = Automatic;
				DEVELOPMENT_TEAM = 7483HXR3HC;
				FRAMEWORK_SEARCH_PATHS = (
					"$(inherited)",
					"$(PROJECT_DIR)/PaySimulator",
				);
				INFOPLIST_FILE = "$(SRCROOT)/PaySimulator/Classes/Resource/Info.plist";
				IPHONEOS_DEPLOYMENT_TARGET = 9.0;
				LD_RUNPATH_SEARCH_PATHS = (
					"$(inherited)",
					"@executable_path/Frameworks",
				);
				PRODUCT_BUNDLE_IDENTIFIER = com.pay.zcf.PaySimulator;
				PRODUCT_NAME = "$(TARGET_NAME)";
				SWIFT_OBJC_BRIDGING_HEADER = "PaySimulator/Classes/Resource/PaySimulator-Bridging-Header.h";
				SWIFT_OPTIMIZATION_LEVEL = "-Onone";
				SWIFT_VERSION = 4.0;
				TARGETED_DEVICE_FAMILY = 1;
			};
			name = Debug;
		};
		E3D98F07213638C400887FAF /* Release */ = {
			isa = XCBuildConfiguration;
			baseConfigurationReference = 1148BAE4CDE60ADD2009EBA1 /* Pods-PaySimulator.release.xcconfig */;
			buildSettings = {
				ASSETCATALOG_COMPILER_APPICON_NAME = AppIcon;
				CLANG_ENABLE_MODULES = YES;
				CODE_SIGN_STYLE = Automatic;
				DEVELOPMENT_TEAM = 7483HXR3HC;
				FRAMEWORK_SEARCH_PATHS = (
					"$(inherited)",
					"$(PROJECT_DIR)/PaySimulator",
				);
				INFOPLIST_FILE = "$(SRCROOT)/PaySimulator/Classes/Resource/Info.plist";
				IPHONEOS_DEPLOYMENT_TARGET = 9.0;
				LD_RUNPATH_SEARCH_PATHS = (
					"$(inherited)",
					"@executable_path/Frameworks",
				);
				PRODUCT_BUNDLE_IDENTIFIER = com.pay.zcf.PaySimulator;
				PRODUCT_NAME = "$(TARGET_NAME)";
				SWIFT_OBJC_BRIDGING_HEADER = "PaySimulator/Classes/Resource/PaySimulator-Bridging-Header.h";
				SWIFT_VERSION = 4.0;
				TARGETED_DEVICE_FAMILY = 1;
			};
			name = Release;
		};
		E3D98F09213638C400887FAF /* Debug */ = {
			isa = XCBuildConfiguration;
			buildSettings = {
				ALWAYS_EMBED_SWIFT_STANDARD_LIBRARIES = YES;
				BUNDLE_LOADER = "$(TEST_HOST)";
				CODE_SIGN_STYLE = Automatic;
				DEVELOPMENT_TEAM = 7483HXR3HC;
				INFOPLIST_FILE = PaySimulatorTests/Info.plist;
				LD_RUNPATH_SEARCH_PATHS = (
					"$(inherited)",
					"@executable_path/Frameworks",
					"@loader_path/Frameworks",
				);
				PRODUCT_BUNDLE_IDENTIFIER = com.pay.zcf.PaySimulatorTests;
				PRODUCT_NAME = "$(TARGET_NAME)";
				SWIFT_VERSION = 4.0;
				TARGETED_DEVICE_FAMILY = "1,2";
				TEST_HOST = "$(BUILT_PRODUCTS_DIR)/PaySimulator.app/PaySimulator";
			};
			name = Debug;
		};
		E3D98F0A213638C400887FAF /* Release */ = {
			isa = XCBuildConfiguration;
			buildSettings = {
				ALWAYS_EMBED_SWIFT_STANDARD_LIBRARIES = YES;
				BUNDLE_LOADER = "$(TEST_HOST)";
				CODE_SIGN_STYLE = Automatic;
				DEVELOPMENT_TEAM = 7483HXR3HC;
				INFOPLIST_FILE = PaySimulatorTests/Info.plist;
				LD_RUNPATH_SEARCH_PATHS = (
					"$(inherited)",
					"@executable_path/Frameworks",
					"@loader_path/Frameworks",
				);
				PRODUCT_BUNDLE_IDENTIFIER = com.pay.zcf.PaySimulatorTests;
				PRODUCT_NAME = "$(TARGET_NAME)";
				SWIFT_VERSION = 4.0;
				TARGETED_DEVICE_FAMILY = "1,2";
				TEST_HOST = "$(BUILT_PRODUCTS_DIR)/PaySimulator.app/PaySimulator";
			};
			name = Release;
		};
		E3D98F0C213638C400887FAF /* Debug */ = {
			isa = XCBuildConfiguration;
			buildSettings = {
				ALWAYS_EMBED_SWIFT_STANDARD_LIBRARIES = YES;
				CODE_SIGN_STYLE = Automatic;
				DEVELOPMENT_TEAM = 7483HXR3HC;
				INFOPLIST_FILE = PaySimulatorUITests/Info.plist;
				LD_RUNPATH_SEARCH_PATHS = (
					"$(inherited)",
					"@executable_path/Frameworks",
					"@loader_path/Frameworks",
				);
				PRODUCT_BUNDLE_IDENTIFIER = com.pay.zcf.PaySimulatorUITests;
				PRODUCT_NAME = "$(TARGET_NAME)";
				SWIFT_VERSION = 4.0;
				TARGETED_DEVICE_FAMILY = "1,2";
				TEST_TARGET_NAME = PaySimulator;
			};
			name = Debug;
		};
		E3D98F0D213638C400887FAF /* Release */ = {
			isa = XCBuildConfiguration;
			buildSettings = {
				ALWAYS_EMBED_SWIFT_STANDARD_LIBRARIES = YES;
				CODE_SIGN_STYLE = Automatic;
				DEVELOPMENT_TEAM = 7483HXR3HC;
				INFOPLIST_FILE = PaySimulatorUITests/Info.plist;
				LD_RUNPATH_SEARCH_PATHS = (
					"$(inherited)",
					"@executable_path/Frameworks",
					"@loader_path/Frameworks",
				);
				PRODUCT_BUNDLE_IDENTIFIER = com.pay.zcf.PaySimulatorUITests;
				PRODUCT_NAME = "$(TARGET_NAME)";
				SWIFT_VERSION = 4.0;
				TARGETED_DEVICE_FAMILY = "1,2";
				TEST_TARGET_NAME = PaySimulator;
			};
			name = Release;
		};
/* End XCBuildConfiguration section */

/* Begin XCConfigurationList section */
		E3D98ED8213638C300887FAF /* Build configuration list for PBXProject "PaySimulator" */ = {
			isa = XCConfigurationList;
			buildConfigurations = (
				E3D98F03213638C400887FAF /* Debug */,
				E3D98F04213638C400887FAF /* Release */,
			);
			defaultConfigurationIsVisible = 0;
			defaultConfigurationName = Release;
		};
		E3D98F05213638C400887FAF /* Build configuration list for PBXNativeTarget "PaySimulator" */ = {
			isa = XCConfigurationList;
			buildConfigurations = (
				E3D98F06213638C400887FAF /* Debug */,
				E3D98F07213638C400887FAF /* Release */,
			);
			defaultConfigurationIsVisible = 0;
			defaultConfigurationName = Release;
		};
		E3D98F08213638C400887FAF /* Build configuration list for PBXNativeTarget "PaySimulatorTests" */ = {
			isa = XCConfigurationList;
			buildConfigurations = (
				E3D98F09213638C400887FAF /* Debug */,
				E3D98F0A213638C400887FAF /* Release */,
			);
			defaultConfigurationIsVisible = 0;
			defaultConfigurationName = Release;
		};
		E3D98F0B213638C400887FAF /* Build configuration list for PBXNativeTarget "PaySimulatorUITests" */ = {
			isa = XCConfigurationList;
			buildConfigurations = (
				E3D98F0C213638C400887FAF /* Debug */,
				E3D98F0D213638C400887FAF /* Release */,
			);
			defaultConfigurationIsVisible = 0;
			defaultConfigurationName = Release;
		};
/* End XCConfigurationList section */
	};
	rootObject = E3D98ED5213638C300887FAF /* Project object */;
}
